{
  "version": 1,
  "mode": "sidecar",
  "sourceLayout": "collapsed",
  "grammarSha256": "91a667d4e92cc4d36dabce2c139ab7e42184187f0ebd443c982fcf6626438fa2",
  "artifacts": [
    {
      "kind": "railroad",
      "nonterminal": "File",
      "path": "diagrams-Gramark/file.svg",
      "sourceSha256": "53a6f7fc955aff87a9aedbf1fcd28bd5b3cd4c6ded12eab288f7250a8171a93b"
    },
    {
      "kind": "railroad",
      "nonterminal": "Preamble",
      "path": "diagrams-Gramark/preamble.svg",
      "sourceSha256": "f33965e345b92e49b7e474da1007a0befecf28e972a2918143f22d1d6da433e2"
    },
    {
      "kind": "railroad",
      "nonterminal": "SettingList",
      "path": "diagrams-Gramark/settinglist.svg",
      "sourceSha256": "cf786d634e321dbc1f00e950349cd1bc4dfdff9def26ffd8806f3175e38891f0"
    },
    {
      "kind": "railroad",
      "nonterminal": "SettingDecl",
      "path": "diagrams-Gramark/settingdecl.svg",
      "sourceSha256": "a0907ff9e4ddf710379eaa296e06d18e8753a8d9cfffedcc4d7e102fe6362e12"
    },
    {
      "kind": "railroad",
      "nonterminal": "TokenDeclList",
      "path": "diagrams-Gramark/tokendecllist.svg",
      "sourceSha256": "a6da92630a0cc08d8b0e791ec6d3742a6311ff2648c0f2a8da0a6bbded76a373"
    },
    {
      "kind": "railroad",
      "nonterminal": "TokenDecl",
      "path": "diagrams-Gramark/tokendecl.svg",
      "sourceSha256": "a566aa0460c867e72b01f42378cb095d86446cbd1a19133bee2dc718859e7edb"
    },
    {
      "kind": "railroad",
      "nonterminal": "TokenPattern",
      "path": "diagrams-Gramark/tokenpattern.svg",
      "sourceSha256": "4055dee18b10e08be3e762a57d24e820eb185fd7209ca54792bb4ec9b86873e7"
    },
    {
      "kind": "railroad",
      "nonterminal": "ModList",
      "path": "diagrams-Gramark/modlist.svg",
      "sourceSha256": "a9de17188f6c0be49200387650f92070b1bf51371ba27b945fdede57e8cbb374"
    },
    {
      "kind": "railroad",
      "nonterminal": "Modifier",
      "path": "diagrams-Gramark/modifier.svg",
      "sourceSha256": "bd021df50f2b8ad75a60c606f15b50d338d17b1ecb719e81032ac0ff309fd8f1"
    },
    {
      "kind": "railroad",
      "nonterminal": "PrecList",
      "path": "diagrams-Gramark/preclist.svg",
      "sourceSha256": "3bada5ba95e22bd9e309a5ca534382408d00305fd5abb42662c23c5f2eda5417"
    },
    {
      "kind": "railroad",
      "nonterminal": "PrecDecl",
      "path": "diagrams-Gramark/precdecl.svg",
      "sourceSha256": "a14c26b72f4d5d247690d62f8ea0c8ec6e59d2aa117009a8c0e48cb0e6367f63"
    },
    {
      "kind": "railroad",
      "nonterminal": "PrecTermList",
      "path": "diagrams-Gramark/prectermlist.svg",
      "sourceSha256": "1a5d5c91ae521174220da1ec7b6f0d010ca1c44ecb72b40ca8af78a7ba5f8ec9"
    },
    {
      "kind": "railroad",
      "nonterminal": "PrecTerm",
      "path": "diagrams-Gramark/precterm.svg",
      "sourceSha256": "3b47555c49e9276146933a72ff5d43714b3e63eaa137b73f4732cc4afc8d8c69"
    },
    {
      "kind": "railroad",
      "nonterminal": "RuleList",
      "path": "diagrams-Gramark/rulelist.svg",
      "sourceSha256": "2653de94559c9bd20c737ddb7b6ce3ca21c7cd71a46b70ef1d664a2635b5f7ac"
    },
    {
      "kind": "railroad",
      "nonterminal": "Rule",
      "path": "diagrams-Gramark/rule.svg",
      "sourceSha256": "baf5caf00882d6e120800598fbde1d1dff7f1fd34a485140f7da4f09bc61a922"
    },
    {
      "kind": "railroad",
      "nonterminal": "Body",
      "path": "diagrams-Gramark/body.svg",
      "sourceSha256": "5d34ed308d4617aaec82b1349baed3ff0199c15573fe94fec161aa35f07f24d4"
    },
    {
      "kind": "railroad",
      "nonterminal": "Alt",
      "path": "diagrams-Gramark/alt.svg",
      "sourceSha256": "b4594c7b69e38c79361ed9e9b9ab1075bbdd480984a48ed4a4685644c5583221"
    },
    {
      "kind": "railroad",
      "nonterminal": "SymList",
      "path": "diagrams-Gramark/symlist.svg",
      "sourceSha256": "7469a1ea7f55e3ab99c63f84216b4241a35f063d5bcc2b2529a8a5f71a1ceece"
    },
    {
      "kind": "railroad",
      "nonterminal": "Sym",
      "path": "diagrams-Gramark/sym.svg",
      "sourceSha256": "e526cd95687f605ddf6feed4f3f32e0362b3331209973db8aa9f54565b554d38"
    },
    {
      "kind": "railroad",
      "nonterminal": "Args",
      "path": "diagrams-Gramark/args.svg",
      "sourceSha256": "bee5119e00fe6487d06ae94c53f38a2a90716d2b7f239212b112074a2c0972f3"
    },
    {
      "kind": "railroad",
      "nonterminal": "Action",
      "path": "diagrams-Gramark/action.svg",
      "sourceSha256": "5301af8ca7953e2485fbc96efec1efbfca3e9066ae99adf4f11f0ed9632c62b0"
    },
    {
      "kind": "railroad",
      "nonterminal": "Label",
      "path": "diagrams-Gramark/label.svg",
      "sourceSha256": "62ca48e27efc2a8a5f53a4ed97a6d2363326eb694e5eec63e2f2ff7e788ef312"
    },
    {
      "kind": "railroad",
      "nonterminal": "Delegate",
      "path": "diagrams-Gramark/delegate.svg",
      "sourceSha256": "b1130228082b226a2efc04cc8f9d176014e2bb67edb4d3ed5434be42cdf6edb6"
    },
    {
      "kind": "railroad",
      "nonterminal": "ArgList",
      "path": "diagrams-Gramark/arglist.svg",
      "sourceSha256": "a18ba84b4a0f3e2e3407f70454d07f4b180d20b72f0b5492ba693d3961db5921"
    },
    {
      "kind": "railroad",
      "nonterminal": "Arg",
      "path": "diagrams-Gramark/arg.svg",
      "sourceSha256": "98ed94aa408d2c28ce433f739c3f1765c6fc6cf21881bea9f60931c7dd416bec"
    },
    {
      "kind": "railroad",
      "nonterminal": "GroupBody",
      "path": "diagrams-Gramark/groupbody.svg",
      "sourceSha256": "4ecebd4ad05ead833f978eff982a73e73aee0fcefd2bdb9d0403730a87e6e3d7"
    },
    {
      "kind": "railroad",
      "nonterminal": "Atom",
      "path": "diagrams-Gramark/atom.svg",
      "sourceSha256": "35f85b54bbd0d900c5f9fed12984d450149e213118f06c14fc59741ba8ec8a9b"
    },
    {
      "kind": "railroad",
      "nonterminal": "NotArg",
      "path": "diagrams-Gramark/notarg.svg",
      "sourceSha256": "59452e39ee24a2218c888e2b7da03a6fdc2c636de19e37047b7e274d30fc5732"
    },
    {
      "kind": "railroad",
      "nonterminal": "SetBody",
      "path": "diagrams-Gramark/setbody.svg",
      "sourceSha256": "3611f239bbec780c2a6ad85cb2001c5cdcc9a223fb0c18a64562c91b72220851"
    },
    {
      "kind": "railroad",
      "nonterminal": "SetItem",
      "path": "diagrams-Gramark/setitem.svg",
      "sourceSha256": "bf381f7734f78fe00ac34a28fa81fa40d3e6fc955ff9eaff5713bc578916b9d1"
    },
    {
      "kind": "tables",
      "section": "Generated tables",
      "sourceSha256": "91a667d4e92cc4d36dabce2c139ab7e42184187f0ebd443c982fcf6626438fa2"
    }
  ]
}
