{
  "version": 1,
  "mode": "sidecar",
  "sourceLayout": "collapsed",
  "grammarSha256": "ae210a3a8d577517c8dfe76dbdca056a987497685c393b9ea718fd9f514a9097",
  "artifacts": [
    {
      "kind": "railroad",
      "nonterminal": "Grammar",
      "path": "diagrams-Productions/grammar.svg",
      "sourceSha256": "eb9c62f80f8786200b6e56c59643e973b942b6785c89ea00bdc6f9cd7e3a0051"
    },
    {
      "kind": "railroad",
      "nonterminal": "RuleList",
      "path": "diagrams-Productions/rulelist.svg",
      "sourceSha256": "91e48fca6a172e639b6e18c1b67b5741dd840ffe6d984d63be17c7d4d149877d"
    },
    {
      "kind": "railroad",
      "nonterminal": "Rule",
      "path": "diagrams-Productions/rule.svg",
      "sourceSha256": "3314230857ff9e16991f61ec404bbed8c988689e0c9bb9e1cde62eda1be0f072"
    },
    {
      "kind": "railroad",
      "nonterminal": "Body",
      "path": "diagrams-Productions/body.svg",
      "sourceSha256": "49e78523237525c54a5add2a4528f47aef810a6d20486956cc0428bf812d9bd3"
    },
    {
      "kind": "railroad",
      "nonterminal": "Alt",
      "path": "diagrams-Productions/alt.svg",
      "sourceSha256": "f43a3f629956cee13753e04f956ecad4fe90294883ced216ef397871073221dd"
    },
    {
      "kind": "railroad",
      "nonterminal": "SymList",
      "path": "diagrams-Productions/symlist.svg",
      "sourceSha256": "11450fdf9553c7af8c0eff02224cbb6bb2a75aca8e2997262dab75742b449417"
    },
    {
      "kind": "railroad",
      "nonterminal": "Sym",
      "path": "diagrams-Productions/sym.svg",
      "sourceSha256": "4844020dd85600aafa676a57cd3e90a52180336caeeb61ace04704c50c40986a"
    },
    {
      "kind": "railroad",
      "nonterminal": "Args",
      "path": "diagrams-Productions/args.svg",
      "sourceSha256": "8a83ed8c9dd2cc393caea43ce3fa02c9a87e1edb8caf58f324961938d6088677"
    },
    {
      "kind": "railroad",
      "nonterminal": "Action",
      "path": "diagrams-Productions/action.svg",
      "sourceSha256": "37ba09d1c18eab2498e4bdc097312c141c9e7963c6b720cce6ed0010dbd56887"
    },
    {
      "kind": "railroad",
      "nonterminal": "Label",
      "path": "diagrams-Productions/label.svg",
      "sourceSha256": "061463afa308c0ed362f10acd775b10e2609088d50bf84d6bd7bc2a085d93597"
    },
    {
      "kind": "railroad",
      "nonterminal": "GroupBody",
      "path": "diagrams-Productions/groupbody.svg",
      "sourceSha256": "9b2cb1fdedbfd509a583b40e4c52da420653d79df42e4938f8292f7fa2ce5430"
    },
    {
      "kind": "railroad",
      "nonterminal": "Atom",
      "path": "diagrams-Productions/atom.svg",
      "sourceSha256": "20ac69b27d2f12068cb4f1578fc62fe0d0465b96173d7158e07834798b649ca9"
    },
    {
      "kind": "railroad",
      "nonterminal": "NotArg",
      "path": "diagrams-Productions/notarg.svg",
      "sourceSha256": "c03f52ef1a3d7eb1259975bcf3ba0b76c5ac19f81a2e726561bb51d54b9ce2ce"
    },
    {
      "kind": "railroad",
      "nonterminal": "SetBody",
      "path": "diagrams-Productions/setbody.svg",
      "sourceSha256": "870f3c5d69271d23a7b25c810046930cfdb08b96df3e9c4108be2b9135800b04"
    },
    {
      "kind": "railroad",
      "nonterminal": "SetItem",
      "path": "diagrams-Productions/setitem.svg",
      "sourceSha256": "c8bda2153e62464e3221e0b498ff609f99c6a379dd95411744477b9e82353a2e"
    },
    {
      "kind": "tables",
      "section": "Generated tables",
      "sourceSha256": "ae210a3a8d577517c8dfe76dbdca056a987497685c393b9ea718fd9f514a9097"
    }
  ]
}
