{
  "version": 1,
  "mode": "sidecar",
  "sourceLayout": "collapsed",
  "grammarSha256": "e9ce76f88f25b528eafad5cd8f1e9317c26d798d2bed030f02eb590ffbe56f55",
  "artifacts": [
    {
      "kind": "railroad",
      "nonterminal": "Grammar",
      "path": "diagrams-Productions/grammar.svg",
      "sourceSha256": "f37143eeca58f706856f3e7b957a61d4fe22683fa7715665957c4df6a5d08b10"
    },
    {
      "kind": "railroad",
      "nonterminal": "RuleList",
      "path": "diagrams-Productions/rulelist.svg",
      "sourceSha256": "2653de94559c9bd20c737ddb7b6ce3ca21c7cd71a46b70ef1d664a2635b5f7ac"
    },
    {
      "kind": "railroad",
      "nonterminal": "Rule",
      "path": "diagrams-Productions/rule.svg",
      "sourceSha256": "baf5caf00882d6e120800598fbde1d1dff7f1fd34a485140f7da4f09bc61a922"
    },
    {
      "kind": "railroad",
      "nonterminal": "Body",
      "path": "diagrams-Productions/body.svg",
      "sourceSha256": "5d34ed308d4617aaec82b1349baed3ff0199c15573fe94fec161aa35f07f24d4"
    },
    {
      "kind": "railroad",
      "nonterminal": "Alt",
      "path": "diagrams-Productions/alt.svg",
      "sourceSha256": "b4594c7b69e38c79361ed9e9b9ab1075bbdd480984a48ed4a4685644c5583221"
    },
    {
      "kind": "railroad",
      "nonterminal": "SymList",
      "path": "diagrams-Productions/symlist.svg",
      "sourceSha256": "7469a1ea7f55e3ab99c63f84216b4241a35f063d5bcc2b2529a8a5f71a1ceece"
    },
    {
      "kind": "railroad",
      "nonterminal": "Sym",
      "path": "diagrams-Productions/sym.svg",
      "sourceSha256": "0447546f4fe8aa305a7e7d4b268f08dab4537369aeddd2df0d926af941c18759"
    },
    {
      "kind": "railroad",
      "nonterminal": "Args",
      "path": "diagrams-Productions/args.svg",
      "sourceSha256": "1ef1ca71a6b0b7850199c61f11a65f023329d4e784d9ea05d5b423bb3a1cc397"
    },
    {
      "kind": "railroad",
      "nonterminal": "Action",
      "path": "diagrams-Productions/action.svg",
      "sourceSha256": "5301af8ca7953e2485fbc96efec1efbfca3e9066ae99adf4f11f0ed9632c62b0"
    },
    {
      "kind": "railroad",
      "nonterminal": "Label",
      "path": "diagrams-Productions/label.svg",
      "sourceSha256": "62ca48e27efc2a8a5f53a4ed97a6d2363326eb694e5eec63e2f2ff7e788ef312"
    },
    {
      "kind": "railroad",
      "nonterminal": "Delegate",
      "path": "diagrams-Productions/delegate.svg",
      "sourceSha256": "e40259292d41709de6be0899af917458dbda8de367a86e90ac4851f368f080a2"
    },
    {
      "kind": "railroad",
      "nonterminal": "GroupBody",
      "path": "diagrams-Productions/groupbody.svg",
      "sourceSha256": "d617a101b78696f018347c38a56d11170ea7edd35f7f553852fd1bd30738f8de"
    },
    {
      "kind": "railroad",
      "nonterminal": "Atom",
      "path": "diagrams-Productions/atom.svg",
      "sourceSha256": "4c1c9561fdf2f161dda173aae3cc5a378a3c5662f8d714688e25dfcdca4de305"
    },
    {
      "kind": "railroad",
      "nonterminal": "NotArg",
      "path": "diagrams-Productions/notarg.svg",
      "sourceSha256": "4ac84ac238d59cc4e60134fc26f9381213cd5c10658592cdc57030757f74c25a"
    },
    {
      "kind": "railroad",
      "nonterminal": "SetBody",
      "path": "diagrams-Productions/setbody.svg",
      "sourceSha256": "5361cc721916dc783079f94409c6d6f443b9c6421526f51bb53d867131f1edd1"
    },
    {
      "kind": "railroad",
      "nonterminal": "SetItem",
      "path": "diagrams-Productions/setitem.svg",
      "sourceSha256": "bf381f7734f78fe00ac34a28fa81fa40d3e6fc955ff9eaff5713bc578916b9d1"
    },
    {
      "kind": "tables",
      "section": "Generated tables",
      "sourceSha256": "e9ce76f88f25b528eafad5cd8f1e9317c26d798d2bed030f02eb590ffbe56f55"
    }
  ]
}
