{
  "version": 1,
  "mode": "sidecar",
  "grammarSha256": "bd70706b0953c915d880d9653e1d096e6a6554d767c22068d591713b9ce84ff4",
  "artifacts": [
    {
      "kind": "railroad",
      "nonterminal": "Expr",
      "path": "diagrams-calc/expr.svg",
      "sourceSha256": "3ea44d23dec0075d76dd870bedb4c0697bd25dc9785f2a7b0f68cd3f652882d4"
    },
    {
      "kind": "railroad",
      "nonterminal": "Term",
      "path": "diagrams-calc/term.svg",
      "sourceSha256": "dbec23d94f0f490c7b22db02cb0d20a3820c5ee1125e902e135b7e082d72bc1e"
    },
    {
      "kind": "railroad",
      "nonterminal": "Factor",
      "path": "diagrams-calc/factor.svg",
      "sourceSha256": "4c5855cfab51cfc0c7f14f7092b70e9d75b003e9853f6c694550ff0b20c39822"
    },
    {
      "kind": "tables",
      "section": "Generated tables",
      "sourceSha256": "bd70706b0953c915d880d9653e1d096e6a6554d767c22068d591713b9ce84ff4"
    }
  ]
}
