{
  "version": 1,
  "mode": "sidecar",
  "sourceLayout": "collapsed",
  "name": "Calc-eval",
  "grammarSha256": "32ca3623fb9487d1cda0116fbaaff66df490b0e5446c5db56d7c7e8d5564f780",
  "artifacts": [
    {
      "kind": "railroad",
      "nonterminal": "Expr",
      "path": "diagrams-calc-eval/expr.svg",
      "sourceSha256": "9f9b2f02a1b3d2a30be5634b4c0ad854c7e07337718b85a8e5c63ae860e30941"
    },
    {
      "kind": "railroad",
      "nonterminal": "Term",
      "path": "diagrams-calc-eval/term.svg",
      "sourceSha256": "e26cf6bbd5f9bdf3bd44c80dd3d348c12beea329530c06dd853e5193bbb039a6"
    },
    {
      "kind": "railroad",
      "nonterminal": "Factor",
      "path": "diagrams-calc-eval/factor.svg",
      "sourceSha256": "92d907e7d3fc5b54839b7c1fe5435b9fefce4c8032c53c38502ba527f42c9512"
    },
    {
      "kind": "tables",
      "section": "Generated tables",
      "sourceSha256": "32ca3623fb9487d1cda0116fbaaff66df490b0e5446c5db56d7c7e8d5564f780"
    }
  ]
}
