{
  "version": 1,
  "mode": "sidecar",
  "sourceLayout": "collapsed",
  "grammarSha256": "3c158430bf6499c1e7759643a1517275ceb1d6e3d65a85c94751c5ac4b5b13f6",
  "artifacts": [
    {
      "kind": "railroad",
      "nonterminal": "expr",
      "path": "diagrams-calc-prec/expr.svg",
      "sourceSha256": "6c5d9ad654f8bac77a8a58794c44fba5c9d4179a5c67c839fcadf01edb73efd5"
    },
    {
      "kind": "tables",
      "section": "Generated tables",
      "sourceSha256": "3c158430bf6499c1e7759643a1517275ceb1d6e3d65a85c94751c5ac4b5b13f6"
    }
  ]
}
