{
  "version": 1,
  "mode": "sidecar",
  "grammarSha256": "7269daf45c8e0961a03a3fa44e19ed0fb8ac0152a30c75aad626f54c0d8b68f1",
  "artifacts": [
    {
      "kind": "railroad",
      "nonterminal": "expr",
      "path": "diagrams/calc-prec/expr.svg",
      "sourceSha256": "b46f44125b1dd45298075b5c51a0514d7dd17af29e9b5244f6924548c554ee4e"
    },
    {
      "kind": "tables",
      "section": "Generated tables",
      "sourceSha256": "7269daf45c8e0961a03a3fa44e19ed0fb8ac0152a30c75aad626f54c0d8b68f1"
    }
  ]
}
