{
  "version": 1,
  "mode": "sidecar",
  "grammarSha256": "8b6634ac65bf3df09c514060951112fa3716a17c1da513f4efd3f1109835fadd",
  "artifacts": [
    {
      "kind": "railroad",
      "nonterminal": "expr",
      "path": "diagrams/calc-prec/expr.svg",
      "sourceSha256": "e0f325794f57de8847c7277167bc24f4b3b3ae4cbce9e0e65d82113b71b0c16c"
    },
    {
      "kind": "tables",
      "section": "Generated tables",
      "sourceSha256": "8b6634ac65bf3df09c514060951112fa3716a17c1da513f4efd3f1109835fadd"
    }
  ]
}
