{
  "version": 1,
  "mode": "sidecar",
  "sourceLayout": "collapsed",
  "grammarSha256": "958db58b2007962d7b6954cd0e302f138d26c8824afd731b459da6c461960cbb",
  "artifacts": [
    {
      "kind": "railroad",
      "nonterminal": "Expr",
      "path": "diagrams-calc/expr.svg",
      "sourceSha256": "df8a0557435aa26615c921bdfa874e41570c7d06830fb9a951aa6c8e22cb281f"
    },
    {
      "kind": "railroad",
      "nonterminal": "Term",
      "path": "diagrams-calc/term.svg",
      "sourceSha256": "f63c273ce414078ae4ca0c14644d885226e1a9773072258b8d7efcc501b86594"
    },
    {
      "kind": "railroad",
      "nonterminal": "Factor",
      "path": "diagrams-calc/factor.svg",
      "sourceSha256": "0f22ff2a99e148e0fe98226e9e3613cc5ace1d608cd923e5b4542629931b1466"
    },
    {
      "kind": "tables",
      "section": "Generated tables",
      "sourceSha256": "958db58b2007962d7b6954cd0e302f138d26c8824afd731b459da6c461960cbb"
    }
  ]
}
