{
  "version": 1,
  "mode": "sidecar",
  "sourceLayout": "collapsed",
  "grammarSha256": "3b7a89d16f4c3c8c003ce08bb8f99e5b0c88317e62429210b5f9ff6c134758be",
  "artifacts": [
    {
      "kind": "railroad",
      "nonterminal": "expr",
      "path": "diagrams-calc-prec/expr.svg",
      "sourceSha256": "6c5d9ad654f8bac77a8a58794c44fba5c9d4179a5c67c839fcadf01edb73efd5"
    },
    {
      "kind": "tables",
      "section": "Generated tables",
      "sourceSha256": "3b7a89d16f4c3c8c003ce08bb8f99e5b0c88317e62429210b5f9ff6c134758be"
    }
  ]
}
