{
  "version": 1,
  "mode": "sidecar",
  "sourceLayout": "collapsed",
  "grammarSha256": "363e7f9611aee5345cb8237e71fee784900fa361172287381c46dc70cf3ac112",
  "artifacts": [
    {
      "kind": "railroad",
      "nonterminal": "Expr",
      "path": "diagrams-calc-js/expr.svg",
      "sourceSha256": "ff851e2d4d46072503531e209164506f3f0329e22534a77260bf3028d83cfe7d"
    },
    {
      "kind": "railroad",
      "nonterminal": "Term",
      "path": "diagrams-calc-js/term.svg",
      "sourceSha256": "8614b7ca0eaa6da7efa5d445c3e6c40b7eb47cbea1681b063a8fee56744de9b0"
    },
    {
      "kind": "railroad",
      "nonterminal": "Factor",
      "path": "diagrams-calc-js/factor.svg",
      "sourceSha256": "bcdf647bd18abe5fab7f3d92166e11b9c613f30f6de19fa6f5aa22ea2150b414"
    },
    {
      "kind": "tables",
      "section": "Generated tables",
      "sourceSha256": "363e7f9611aee5345cb8237e71fee784900fa361172287381c46dc70cf3ac112"
    }
  ]
}
