{
  "version": 1,
  "mode": "sidecar",
  "sourceLayout": "collapsed",
  "name": "DanglingElse",
  "grammarSha256": "fa44b656eeab28003e34ab8e2ff78d0daa005c5aa7ddf66efd5d121490757163",
  "artifacts": [
    {
      "kind": "railroad",
      "nonterminal": "Stmt",
      "path": "diagrams-dangling-else/stmt.svg",
      "sourceSha256": "95d0e83791ca67e6588743351b547438e6975c7e1b41d544b2d5f2942cb4f6c5"
    },
    {
      "kind": "tables",
      "section": "Generated tables",
      "sourceSha256": "fa44b656eeab28003e34ab8e2ff78d0daa005c5aa7ddf66efd5d121490757163"
    }
  ]
}
