{
  "version": 1,
  "mode": "sidecar",
  "sourceLayout": "collapsed",
  "grammarSha256": "1889386cee02aec9d68f0376677046323b4da3267a5949048bed5ac9723587d4",
  "artifacts": [
    {
      "kind": "railroad",
      "nonterminal": "Stmt",
      "path": "diagrams-dangling-else/stmt.svg",
      "sourceSha256": "95d0e83791ca67e6588743351b547438e6975c7e1b41d544b2d5f2942cb4f6c5"
    },
    {
      "kind": "tables",
      "section": "Generated tables",
      "sourceSha256": "1889386cee02aec9d68f0376677046323b4da3267a5949048bed5ac9723587d4"
    }
  ]
}
