{
  "version": 1,
  "mode": "sidecar",
  "sourceLayout": "collapsed",
  "name": "Json",
  "grammarSha256": "295b974e5263b223cc45ff190151cd27b5c7104f5dc401c4d7e9d99380bbfdf2",
  "artifacts": [
    {
      "kind": "railroad",
      "nonterminal": "Json",
      "path": "diagrams-ECMA-404/json.svg",
      "sourceSha256": "419f4efa84f7cd0d6bea491453b6cccdd61ccadfa81d3aed9b6a398624af351d"
    },
    {
      "kind": "railroad",
      "nonterminal": "Value",
      "path": "diagrams-ECMA-404/value.svg",
      "sourceSha256": "f786c3c57ea982f3105db1d1aa6b7c6ec565ad5ee618509cd5433b2cd4e6d793"
    },
    {
      "kind": "railroad",
      "nonterminal": "Object",
      "path": "diagrams-ECMA-404/object.svg",
      "sourceSha256": "dc3dfa5fc04e2a0102dcf740f0cc2eb0977c40ad2d949046825d3f3987dbccd7"
    },
    {
      "kind": "railroad",
      "nonterminal": "Members",
      "path": "diagrams-ECMA-404/members.svg",
      "sourceSha256": "71d88d6bc8393810ab98a2a54db6034d89af463615bc664ab6d9417fc819b47a"
    },
    {
      "kind": "railroad",
      "nonterminal": "Member",
      "path": "diagrams-ECMA-404/member.svg",
      "sourceSha256": "9f9ded3a4cb7459a7a99162801c75c163e209e62669253131aabcc57be2e1264"
    },
    {
      "kind": "railroad",
      "nonterminal": "Array",
      "path": "diagrams-ECMA-404/array.svg",
      "sourceSha256": "4fdefd9bb97c94c4dba02f47fb33af3f12dae7be405af5143ca90a4a9066b036"
    },
    {
      "kind": "railroad",
      "nonterminal": "Elements",
      "path": "diagrams-ECMA-404/elements.svg",
      "sourceSha256": "5103a22d0791de2dc7a3826d57772c2c0f81fe21b1fc77ce49b294995cbced92"
    },
    {
      "kind": "tables",
      "section": "Generated tables",
      "sourceSha256": "295b974e5263b223cc45ff190151cd27b5c7104f5dc401c4d7e9d99380bbfdf2"
    }
  ]
}
