{
  "version": 1,
  "mode": "sidecar",
  "grammarSha256": "2bd79a89e2e0cc658bcabca334b30aa1f826f0b9a6c4b7994b781c5d84a58395",
  "artifacts": [
    {
      "kind": "railroad",
      "nonterminal": "Value",
      "path": "diagrams/json/value.svg",
      "sourceSha256": "bc146393defde10fd8ce4b7f238d62d28168d18cceedf6e10383625aa74bc4f0"
    },
    {
      "kind": "railroad",
      "nonterminal": "Object",
      "path": "diagrams/json/object.svg",
      "sourceSha256": "3502eb0cbb95b357bf80ab18ef41c634de545893f0097e0ffe48c4143992a3ce"
    },
    {
      "kind": "railroad",
      "nonterminal": "Members",
      "path": "diagrams/json/members.svg",
      "sourceSha256": "ee42fc60665cca9d771ec7c603866ca408d62656dd5471f04045e0eb52669106"
    },
    {
      "kind": "railroad",
      "nonterminal": "Member",
      "path": "diagrams/json/member.svg",
      "sourceSha256": "4daa022445d32887d943f03eae6737290b167a552f0c020438bd0ec10ea36b76"
    },
    {
      "kind": "railroad",
      "nonterminal": "Array",
      "path": "diagrams/json/array.svg",
      "sourceSha256": "2f2cff47778f41cca815cbf99e6a6080732062e417ad2c46454f8c8b533b9c2c"
    },
    {
      "kind": "railroad",
      "nonterminal": "Elements",
      "path": "diagrams/json/elements.svg",
      "sourceSha256": "42ba57b43006bcabefac78b9db8e80b4a24f3f09b1b69be3bc8eccd44d74d679"
    },
    {
      "kind": "tables",
      "section": "Generated tables",
      "sourceSha256": "2bd79a89e2e0cc658bcabca334b30aa1f826f0b9a6c4b7994b781c5d84a58395"
    }
  ]
}
