{
  "version": 1,
  "mode": "sidecar",
  "grammarSha256": "172f72088f2401c5b8d1f775a62250de56f73063fe384e6410ce71d4fab93924",
  "artifacts": [
    {
      "kind": "railroad",
      "nonterminal": "Value",
      "path": "diagrams/value.svg",
      "sourceSha256": "2d7dfd590e2980bb73cb5728a03d81b64c158e0be9622eb5e06e274179c95804"
    },
    {
      "kind": "railroad",
      "nonterminal": "Object",
      "path": "diagrams/object.svg",
      "sourceSha256": "41be3b8637e39b4616adcf3662cf27e4cd167d218a468c361d546045d7c14fcb"
    },
    {
      "kind": "railroad",
      "nonterminal": "Members",
      "path": "diagrams/members.svg",
      "sourceSha256": "f88ff736826440c9b9e9312c2548d5015bd5e5687051b46f8da789ec4da3083c"
    },
    {
      "kind": "railroad",
      "nonterminal": "Member",
      "path": "diagrams/member.svg",
      "sourceSha256": "e2fa079226e8ed30e37eac93048d416652a1dae2dde589dca233eb4b5c37abd0"
    },
    {
      "kind": "railroad",
      "nonterminal": "Array",
      "path": "diagrams/array.svg",
      "sourceSha256": "82aa2d2820315e04974d8ae427b8e3b986b9e289e472abb79982491399e13df1"
    },
    {
      "kind": "railroad",
      "nonterminal": "Elements",
      "path": "diagrams/elements.svg",
      "sourceSha256": "b43bed9c671be6a2b9d3db7f3807871afdfd6e44701500908e317ac8a907dbd1"
    },
    {
      "kind": "tables",
      "section": "Generated tables",
      "sourceSha256": "172f72088f2401c5b8d1f775a62250de56f73063fe384e6410ce71d4fab93924"
    }
  ]
}
