{
  "version": 1,
  "mode": "sidecar",
  "grammarSha256": "cdf054b5629339cf42cda08deae8335899b96dc8e9be4c44985c4cddd518fb8f",
  "artifacts": [
    {
      "kind": "railroad",
      "nonterminal": "Json",
      "path": "diagrams/json/json.svg",
      "sourceSha256": "f62e4aa5e9b7a01010fbc1f7a76c15201932feb21422f951281f6108f394ee77"
    },
    {
      "kind": "railroad",
      "nonterminal": "Value",
      "path": "diagrams/json/value.svg",
      "sourceSha256": "8074ed7918063e7abc3f03ebe23d53bfaa67d12e9d182d8087a27c1e71284b9e"
    },
    {
      "kind": "railroad",
      "nonterminal": "Object",
      "path": "diagrams/json/object.svg",
      "sourceSha256": "27902d7dafa5c339e239fa1b33f86307dff77e382d70b5d0c05b278a23b17da9"
    },
    {
      "kind": "railroad",
      "nonterminal": "Members",
      "path": "diagrams/json/members.svg",
      "sourceSha256": "87dd79eaac5571574d7e9d93191b8232bc2d63866781ae4b22f0c23307c194ff"
    },
    {
      "kind": "railroad",
      "nonterminal": "Member",
      "path": "diagrams/json/member.svg",
      "sourceSha256": "18d7b9e811ce7a837f963b18cf86b647acea50cb4f9c12b04103b9eed9e99610"
    },
    {
      "kind": "railroad",
      "nonterminal": "Array",
      "path": "diagrams/json/array.svg",
      "sourceSha256": "d279451929ab28a0090557ef2907e9cf14a2c092db0f68d50dfa1a0f29634d72"
    },
    {
      "kind": "railroad",
      "nonterminal": "Elements",
      "path": "diagrams/json/elements.svg",
      "sourceSha256": "de1fb19fae9cebaa28cda790f8287af76536139127dc0b3c42ead942d2da2bb2"
    },
    {
      "kind": "tables",
      "section": "Generated tables",
      "sourceSha256": "cdf054b5629339cf42cda08deae8335899b96dc8e9be4c44985c4cddd518fb8f"
    }
  ]
}
