{
  "version": 1,
  "mode": "sidecar",
  "sourceLayout": "collapsed",
  "grammarSha256": "1d4f1b7a59316bee3a1de811b155e94b50e94e07f82a3d7305389e28ddc8d304",
  "artifacts": [
    {
      "kind": "railroad",
      "nonterminal": "Value",
      "path": "diagrams-json/value.svg",
      "sourceSha256": "13bdeb07b647827e95979f0b4afbfeca8268532af415d90b7e0a68b6cca48da0"
    },
    {
      "kind": "railroad",
      "nonterminal": "Object",
      "path": "diagrams-json/object.svg",
      "sourceSha256": "248d0da20ba1c8d870872bc6586893baf3e07bdbc8fb2a40a81ad6c72f13980b"
    },
    {
      "kind": "railroad",
      "nonterminal": "Members",
      "path": "diagrams-json/members.svg",
      "sourceSha256": "902711c91ed34e1999d675747b24dbe34c7e312ad671f0de283a3b65511ab7ee"
    },
    {
      "kind": "railroad",
      "nonterminal": "Member",
      "path": "diagrams-json/member.svg",
      "sourceSha256": "f3af285e7a97dbb38a1de2ac2d841c4964ed65539c9bd454d496adb7738d74b7"
    },
    {
      "kind": "railroad",
      "nonterminal": "Array",
      "path": "diagrams-json/array.svg",
      "sourceSha256": "c7dc985c36327f59f19d8235c116fffc4a18cc152caff1113b9e542aaf3c2631"
    },
    {
      "kind": "railroad",
      "nonterminal": "Elements",
      "path": "diagrams-json/elements.svg",
      "sourceSha256": "3b33ecade9a7e83b288f513ade79c8fb16741efc6218c976ff60a27d8f2af530"
    },
    {
      "kind": "tables",
      "section": "Generated tables",
      "sourceSha256": "1d4f1b7a59316bee3a1de811b155e94b50e94e07f82a3d7305389e28ddc8d304"
    }
  ]
}
