{
  "version": 1,
  "mode": "sidecar",
  "sourceLayout": "collapsed",
  "grammarSha256": "b0e106950ba5fb350e54acf950545ae24864fdfb82056e148232e02e9bb2bd42",
  "artifacts": [
    {
      "kind": "railroad",
      "nonterminal": "S",
      "path": "diagrams-lalr-artifact/s.svg",
      "sourceSha256": "df971c8f407f16e41cae93b42c5ff78a8a33442d0504f85fd0c9b393a28003c3"
    },
    {
      "kind": "railroad",
      "nonterminal": "A",
      "path": "diagrams-lalr-artifact/a.svg",
      "sourceSha256": "7421e77a497f649bb183e4f220aad7766dfb7dabd56bb6935e96c9b9949c403e"
    },
    {
      "kind": "railroad",
      "nonterminal": "B",
      "path": "diagrams-lalr-artifact/b.svg",
      "sourceSha256": "e5f464ce128736221999ef8778764eb98204d25cc14544eefe5cf8404a1b3311"
    },
    {
      "kind": "tables",
      "section": "Generated tables",
      "sourceSha256": "b0e106950ba5fb350e54acf950545ae24864fdfb82056e148232e02e9bb2bd42"
    }
  ]
}
