{
  "version": 1,
  "mode": "sidecar",
  "sourceLayout": "collapsed",
  "grammarSha256": "1cb910105d6e3825a87feffeea35af3580186b0f93db5acbf1d77cde93e6f4a5",
  "artifacts": [
    {
      "kind": "railroad",
      "nonterminal": "chunk",
      "path": "diagrams-luau/chunk.svg",
      "sourceSha256": "f8f4d1463c4971566e8c4f7bfd1f4a59a99597c8e6e02f9e5a817e5f0af1d497"
    },
    {
      "kind": "railroad",
      "nonterminal": "block",
      "path": "diagrams-luau/block.svg",
      "sourceSha256": "0417860458ee6b0c2f4d46de9d7edcb30088dbc11f2f01fce4e3e875f70dc9ec"
    },
    {
      "kind": "railroad",
      "nonterminal": "StatWithSemi",
      "path": "diagrams-luau/statwithsemi.svg",
      "sourceSha256": "2810957575720834db68420294fad32e937916b7685b04134277f5c72eab995d"
    },
    {
      "kind": "railroad",
      "nonterminal": "LastStatWithSemi",
      "path": "diagrams-luau/laststatwithsemi.svg",
      "sourceSha256": "1270d62ea169a105e8f894038f8ef1159886ed39424d7d425a8d64ce21e62ca3"
    },
    {
      "kind": "railroad",
      "nonterminal": "stat",
      "path": "diagrams-luau/stat.svg",
      "sourceSha256": "a3fdf8bf52c2ea85030edae738116f55a19d5ad63bff2f82098008df2e1e1048"
    },
    {
      "kind": "railroad",
      "nonterminal": "ElseifBlock",
      "path": "diagrams-luau/elseifblock.svg",
      "sourceSha256": "c21eaaf9df6a60273bf625210714bda6c44a042fda5fc6fc65252c7381103327"
    },
    {
      "kind": "railroad",
      "nonterminal": "ElseBlock",
      "path": "diagrams-luau/elseblock.svg",
      "sourceSha256": "0b43010382655b0c845e9605bdda64ec78df3d6132e17e1d1802c88fc4f827f8"
    },
    {
      "kind": "railroad",
      "nonterminal": "ForStep",
      "path": "diagrams-luau/forstep.svg",
      "sourceSha256": "70d389457aea05839a4153f5aa2bd7f6671f4e08c07d2954e823ddb34ef2b985"
    },
    {
      "kind": "railroad",
      "nonterminal": "LocalInit",
      "path": "diagrams-luau/localinit.svg",
      "sourceSha256": "38e8ac48f40afeb5c646dbdae24cbe29c1c4dd80c2f3786a4bfc8488f1d2affa"
    },
    {
      "kind": "railroad",
      "nonterminal": "TypeParamsWithDefaults",
      "path": "diagrams-luau/typeparamswithdefaults.svg",
      "sourceSha256": "269c4e6f3511827342450a4714749ea07b64057959842e2e3d12282fb92e34db"
    },
    {
      "kind": "railroad",
      "nonterminal": "laststat",
      "path": "diagrams-luau/laststat.svg",
      "sourceSha256": "69ca97de22cbc1c502fd1a4e92b88b132e876162620ec2b17855da64673d810a"
    },
    {
      "kind": "railroad",
      "nonterminal": "funcname",
      "path": "diagrams-luau/funcname.svg",
      "sourceSha256": "39059b9a28d170d47f58d8b2c533bff1a682d4e17572399cdd8d1b108c08acbc"
    },
    {
      "kind": "railroad",
      "nonterminal": "DotName",
      "path": "diagrams-luau/dotname.svg",
      "sourceSha256": "aacfa43a04b0f8ea375f44c9e3c6446b31fe84e511a062e2622671bed3c97808"
    },
    {
      "kind": "railroad",
      "nonterminal": "MethodName",
      "path": "diagrams-luau/methodname.svg",
      "sourceSha256": "25f3131cbd5dc8049aeee6dedd12cfefaed2fe54fe22a6bedb46998df3932317"
    },
    {
      "kind": "railroad",
      "nonterminal": "funcbody",
      "path": "diagrams-luau/funcbody.svg",
      "sourceSha256": "4b6c6ddb303008159c8f29b3307cb50e561ada37112127f3cd429d2d21fd424a"
    },
    {
      "kind": "railroad",
      "nonterminal": "GenericTypeParams",
      "path": "diagrams-luau/generictypeparams.svg",
      "sourceSha256": "2eb9cf95b5fd100f39206d8f07b3a4460af2ae9ed27e9318db5db1eba00e32be"
    },
    {
      "kind": "railroad",
      "nonterminal": "ReturnAnnotation",
      "path": "diagrams-luau/returnannotation.svg",
      "sourceSha256": "ad16d7888d9064567700c67d74b3c81979fde1fe526d39536eab4e60d4a834b7"
    },
    {
      "kind": "railroad",
      "nonterminal": "parlist",
      "path": "diagrams-luau/parlist.svg",
      "sourceSha256": "927fa33719b5f90e6ac13810a54bd33b11e1039d635ed29e69c68f0945b0874b"
    },
    {
      "kind": "railroad",
      "nonterminal": "TrailingVararg",
      "path": "diagrams-luau/trailingvararg.svg",
      "sourceSha256": "0241d23cbf4ec53121eeeec26b9e601a841627db0405a99b55e2148655f9c1bf"
    },
    {
      "kind": "railroad",
      "nonterminal": "VarargAnnotation",
      "path": "diagrams-luau/varargannotation.svg",
      "sourceSha256": "b88026f6719475e8dbb48b156f6b908e0cd8a75a2b3f4dd8d401c6e56318f692"
    },
    {
      "kind": "railroad",
      "nonterminal": "VarargType",
      "path": "diagrams-luau/varargtype.svg",
      "sourceSha256": "a504c08dfd331a5d2a5b659c613044598b82f71aa55c6d9310a43c0da21665ec"
    },
    {
      "kind": "railroad",
      "nonterminal": "explist",
      "path": "diagrams-luau/explist.svg",
      "sourceSha256": "e505d4d3882b078343a5997cf570e01852ae7b20817849f21c1f07b1837afd83"
    },
    {
      "kind": "railroad",
      "nonterminal": "binding",
      "path": "diagrams-luau/binding.svg",
      "sourceSha256": "91e2c167a9f785c1e5b46f1e0a9c78d79e485f72ff99d928cfd8babbb86f54cf"
    },
    {
      "kind": "railroad",
      "nonterminal": "TypeAnnotation",
      "path": "diagrams-luau/typeannotation.svg",
      "sourceSha256": "d6f39fc5b8fde41aee8cdef4476ec3bfd6bee356f7a65097c3f0c7e35e4782cd"
    },
    {
      "kind": "railroad",
      "nonterminal": "bindinglist",
      "path": "diagrams-luau/bindinglist.svg",
      "sourceSha256": "fafa5f312bfe6b8f8f68b4d2043b634397752268f74fd785be4b5313e9f2af21"
    },
    {
      "kind": "railroad",
      "nonterminal": "var",
      "path": "diagrams-luau/var.svg",
      "sourceSha256": "828beea961ad4f95b3ce497cdd79af8c3929998fea10ad39f6504dbe9220e384"
    },
    {
      "kind": "railroad",
      "nonterminal": "varlist",
      "path": "diagrams-luau/varlist.svg",
      "sourceSha256": "d7ce876b5a72c3bec44e4cb1cca4dfb4af378b0056bdd39e44d8fe1c2a908597"
    },
    {
      "kind": "railroad",
      "nonterminal": "prefixexp",
      "path": "diagrams-luau/prefixexp.svg",
      "sourceSha256": "caf5d6d731984677bd1e73e330915368e381adfe67ec568d47a25afb30957049"
    },
    {
      "kind": "railroad",
      "nonterminal": "functioncall",
      "path": "diagrams-luau/functioncall.svg",
      "sourceSha256": "967d0c0b9149f82b2ae3316f907825f8d4814c1ee407d87a18bb39182f4a58a6"
    },
    {
      "kind": "railroad",
      "nonterminal": "exp",
      "path": "diagrams-luau/exp.svg",
      "sourceSha256": "0bc55703addbbb048fb48149303f19b9b9f6c5bd8eeefd8ff02fb1c1c31f362c"
    },
    {
      "kind": "railroad",
      "nonterminal": "AndExpr",
      "path": "diagrams-luau/andexpr.svg",
      "sourceSha256": "3a1e4b9c9a765e7bc28fde55a46347d0658083c78db327f57aa20471cbc2e5ff"
    },
    {
      "kind": "railroad",
      "nonterminal": "CmpExpr",
      "path": "diagrams-luau/cmpexpr.svg",
      "sourceSha256": "58bc1ae9c052c650ba377f5481967aa390f18e3d67caab72c35b519a12a39b8d"
    },
    {
      "kind": "railroad",
      "nonterminal": "cmpop",
      "path": "diagrams-luau/cmpop.svg",
      "sourceSha256": "cd406172fc1e3437962f9953f8ebff95b09b54a9c520a7ebe90441bd9c11291e"
    },
    {
      "kind": "railroad",
      "nonterminal": "ConcatExpr",
      "path": "diagrams-luau/concatexpr.svg",
      "sourceSha256": "cb4f4cfcb0bf89dde1300c997b0a640fa6f50cd2e94c4b2cef32fe368bc65770"
    },
    {
      "kind": "railroad",
      "nonterminal": "AddExpr",
      "path": "diagrams-luau/addexpr.svg",
      "sourceSha256": "bc76ad21267721909f9f61a11f3aa21e3f1b8012ab4a13b8276760f4755ccb08"
    },
    {
      "kind": "railroad",
      "nonterminal": "MulExpr",
      "path": "diagrams-luau/mulexpr.svg",
      "sourceSha256": "6c5c9d3115b5c9cb1ea95c4d50ea69c61b81356511fc33d7cf0b61b334146f0f"
    },
    {
      "kind": "railroad",
      "nonterminal": "UnaryExpr",
      "path": "diagrams-luau/unaryexpr.svg",
      "sourceSha256": "c29b765c98904216401bcc89efe3afa9bfbb5577bca5a87aba5f2d050789540e"
    },
    {
      "kind": "railroad",
      "nonterminal": "PowExpr",
      "path": "diagrams-luau/powexpr.svg",
      "sourceSha256": "f30964e0c200c1900f5c74bc136fa3a7f0bc4b75216995be5ca389cee81f6691"
    },
    {
      "kind": "railroad",
      "nonterminal": "ifelseexp",
      "path": "diagrams-luau/ifelseexp.svg",
      "sourceSha256": "9af4201846baa2e6650f47090fc1659bf96d2f1a31ba03106de8c95b44607506"
    },
    {
      "kind": "railroad",
      "nonterminal": "ElseifExpClause",
      "path": "diagrams-luau/elseifexpclause.svg",
      "sourceSha256": "c6733931a4f95fd011cfd2dd8c83d58385cabe79d6f641756ffd4aee42883414"
    },
    {
      "kind": "railroad",
      "nonterminal": "asexp",
      "path": "diagrams-luau/asexp.svg",
      "sourceSha256": "c922f58b161a7380fa74ba4852b0bf479102ef39f391edf269de59b498afe1b8"
    },
    {
      "kind": "railroad",
      "nonterminal": "stringinterp",
      "path": "diagrams-luau/stringinterp.svg",
      "sourceSha256": "4c6d313155221449b497f5684c848abbdf63c23401283491ad6af9e633f6100d"
    },
    {
      "kind": "railroad",
      "nonterminal": "InterpMidPart",
      "path": "diagrams-luau/interpmidpart.svg",
      "sourceSha256": "736a43c44e0f9a399423e5372ce0f6b6b57f0343d82df7d98d7d5e03d5beed01"
    },
    {
      "kind": "railroad",
      "nonterminal": "simpleexp",
      "path": "diagrams-luau/simpleexp.svg",
      "sourceSha256": "5f02b3612e35cea0c6a9e1f5a03cfa2781a44d0fb8614115bf1434562342bfcc"
    },
    {
      "kind": "railroad",
      "nonterminal": "funcargs",
      "path": "diagrams-luau/funcargs.svg",
      "sourceSha256": "4448b9b1d7ca0a8bb0739a5ed55fecad363ab55be51dd1776da531e06ccfd479"
    },
    {
      "kind": "railroad",
      "nonterminal": "tableconstructor",
      "path": "diagrams-luau/tableconstructor.svg",
      "sourceSha256": "89801a0f4fc93f69fee72e8c3c480b9e45f80f03b4cbe86364bc24798da34dbb"
    },
    {
      "kind": "railroad",
      "nonterminal": "fieldlist",
      "path": "diagrams-luau/fieldlist.svg",
      "sourceSha256": "3e5fc78ff91c960f2379681db0c32e4d8fe3db78aaeea5c0a728b01c55ac5e31"
    },
    {
      "kind": "railroad",
      "nonterminal": "field",
      "path": "diagrams-luau/field.svg",
      "sourceSha256": "e662f3f5c8c784cba0de21079ba2243fc2af8eb6f9b2e921b13dae22d7fb49a1"
    },
    {
      "kind": "railroad",
      "nonterminal": "fieldsep",
      "path": "diagrams-luau/fieldsep.svg",
      "sourceSha256": "3a0d42e686c6550ec84d3d5d5629fd75034b2b6a1edffca54c9122c96266e76a"
    },
    {
      "kind": "railroad",
      "nonterminal": "compoundop",
      "path": "diagrams-luau/compoundop.svg",
      "sourceSha256": "f57a96e84231a3daadb0430d2cf3a22d87bcb08eebd01d7782dc630eb26b3c8f"
    },
    {
      "kind": "railroad",
      "nonterminal": "littable",
      "path": "diagrams-luau/littable.svg",
      "sourceSha256": "8121f61c2c3289253cd1c749708888807dee1616cc6b00f545b0b45d4eae204b"
    },
    {
      "kind": "railroad",
      "nonterminal": "litfieldlist",
      "path": "diagrams-luau/litfieldlist.svg",
      "sourceSha256": "2ffcb5ef2cd6f44115288f0002c2e3e1aa2e5c76079424358d7035d5f586b385"
    },
    {
      "kind": "railroad",
      "nonterminal": "litfield",
      "path": "diagrams-luau/litfield.svg",
      "sourceSha256": "2560875bdf0dbd8f213db364a4ead63f894d0619aac4d9ee0b2895e8f0165555"
    },
    {
      "kind": "railroad",
      "nonterminal": "LitFieldKey",
      "path": "diagrams-luau/litfieldkey.svg",
      "sourceSha256": "1097ad366a71725b8f753a4c5a5e215c744486b534269058ca83086480a02a27"
    },
    {
      "kind": "railroad",
      "nonterminal": "literal",
      "path": "diagrams-luau/literal.svg",
      "sourceSha256": "7861af0e92def73f1c47b36b4ac3dc1df2151d3f0af286130d75026c932c3495"
    },
    {
      "kind": "railroad",
      "nonterminal": "litlist",
      "path": "diagrams-luau/litlist.svg",
      "sourceSha256": "751b63435330a2236e71b473840486e3dc9f06e0efd06542b18e0254aa4dbae5"
    },
    {
      "kind": "railroad",
      "nonterminal": "pars",
      "path": "diagrams-luau/pars.svg",
      "sourceSha256": "5bf83953a05e83be2325455c442e783e485b609f2f856d68704975b38a0c14da"
    },
    {
      "kind": "railroad",
      "nonterminal": "parattr",
      "path": "diagrams-luau/parattr.svg",
      "sourceSha256": "c6b4710acbcc2a001b5b37e066d4f6aebc4e834ed5ca9dfab2e583dd9d21fc25"
    },
    {
      "kind": "railroad",
      "nonterminal": "attribute",
      "path": "diagrams-luau/attribute.svg",
      "sourceSha256": "efa55cae850c3f2bc19448caff490034933b05971b443a89c007116022770b83"
    },
    {
      "kind": "railroad",
      "nonterminal": "attributes",
      "path": "diagrams-luau/attributes.svg",
      "sourceSha256": "d4da780a8b2a6888ce10b27578c8617446fdbe39c55220151a02bd078c0456aa"
    },
    {
      "kind": "railroad",
      "nonterminal": "SimpleType",
      "path": "diagrams-luau/simpletype.svg",
      "sourceSha256": "ca150f451dc8c0a575d907946705ff2196b7e024ad405da5b4ff4183447d7eb7"
    },
    {
      "kind": "railroad",
      "nonterminal": "GenericFunctionType",
      "path": "diagrams-luau/genericfunctiontype.svg",
      "sourceSha256": "addfd125a9d30ca296367637756a22756e3af4afeab855960f8a00e3e7a03bce"
    },
    {
      "kind": "railroad",
      "nonterminal": "ParenTypeOrFunctionType",
      "path": "diagrams-luau/parentypeorfunctiontype.svg",
      "sourceSha256": "e934519e1fba48e9cb97f76078443d18d115d27af76dc1ba7419182b2a76b090"
    },
    {
      "kind": "railroad",
      "nonterminal": "FunctionArrow",
      "path": "diagrams-luau/functionarrow.svg",
      "sourceSha256": "b4a8ee9696d535e0a53e33410c39586c109c24def0407adde3ec35596bf6e94f"
    },
    {
      "kind": "railroad",
      "nonterminal": "QualifiedTypeName",
      "path": "diagrams-luau/qualifiedtypename.svg",
      "sourceSha256": "ce081eeb29fbe1404a59e9814c1209b9ac91374a4a8538f755f9b370aae70959"
    },
    {
      "kind": "railroad",
      "nonterminal": "TypeArgs",
      "path": "diagrams-luau/typeargs.svg",
      "sourceSha256": "0da56a923f00697bb969d4c8c95e0aece04e1eca768252769b1a178911d9fdd5"
    },
    {
      "kind": "railroad",
      "nonterminal": "SingletonType",
      "path": "diagrams-luau/singletontype.svg",
      "sourceSha256": "efb03b1a66b929d3c7293dce1ebe2bf84504600ba62953e9bdfdd17171e46e23"
    },
    {
      "kind": "railroad",
      "nonterminal": "Type",
      "path": "diagrams-luau/type.svg",
      "sourceSha256": "1f148ca6952c545b1531a295473e476b53a321c302f67f4db817b21c27603c53"
    },
    {
      "kind": "railroad",
      "nonterminal": "Union",
      "path": "diagrams-luau/union.svg",
      "sourceSha256": "fbbb03ea589a78693b5e53296043394eef740bfa8a5aaa73487269e632e7dd31"
    },
    {
      "kind": "railroad",
      "nonterminal": "Intersection",
      "path": "diagrams-luau/intersection.svg",
      "sourceSha256": "4ea6e0c4a1127550ea73a79c2189c61d45426e39a48bc350c6dc3002770d79ed"
    },
    {
      "kind": "railroad",
      "nonterminal": "QuestionedType",
      "path": "diagrams-luau/questionedtype.svg",
      "sourceSha256": "b6920c6b86b03676f33d07e8ac969e1989b4d6151547a192bc59725b49436a82"
    },
    {
      "kind": "railroad",
      "nonterminal": "GenericTypePackParameter",
      "path": "diagrams-luau/generictypepackparameter.svg",
      "sourceSha256": "06780f6537b3405498a260fa00e4cb2f307c4041f4597fe404fac0c2971c7323"
    },
    {
      "kind": "railroad",
      "nonterminal": "GenericTypeList",
      "path": "diagrams-luau/generictypelist.svg",
      "sourceSha256": "1f34dd03b67c9b378ae097530e2cd0c3e031649db2963f3297600018691e9405"
    },
    {
      "kind": "railroad",
      "nonterminal": "GenericTypeListTail",
      "path": "diagrams-luau/generictypelisttail.svg",
      "sourceSha256": "e9e289fc204d1f1a17710027466ed73a2b801ddbf79eee7ce7b5dbc55a962edf"
    },
    {
      "kind": "railroad",
      "nonterminal": "GenericTypePackParameterWithDefault",
      "path": "diagrams-luau/generictypepackparameterwithdefault.svg",
      "sourceSha256": "6d08c8368d5aa4bcc46e4f26abf278fa09598f5882f3d3152790892ec21900d8"
    },
    {
      "kind": "railroad",
      "nonterminal": "TypePackDefault",
      "path": "diagrams-luau/typepackdefault.svg",
      "sourceSha256": "526376784b5fc34c7e88103e6cbe160461e3488e7a0a6bc636cee391c11c9dc4"
    },
    {
      "kind": "railroad",
      "nonterminal": "GenericTypeListWithDefaults",
      "path": "diagrams-luau/generictypelistwithdefaults.svg",
      "sourceSha256": "9d2de7d734367ea35a0f3c6cf8651f0a4ddc452a2c31e7affb385cec4f0977ca"
    },
    {
      "kind": "railroad",
      "nonterminal": "TypeDefault",
      "path": "diagrams-luau/typedefault.svg",
      "sourceSha256": "2bcf99b88c4794ab93b9ce458ee69b0df606f1b1d1816f2467563bdf94ceb391"
    },
    {
      "kind": "railroad",
      "nonterminal": "GenericTypeListWithDefaultsTail",
      "path": "diagrams-luau/generictypelistwithdefaultstail.svg",
      "sourceSha256": "57f0cefa704bb7bde05d49edf1b1b2bac9e00e41ecf3cd3749c349d4c4ae015e"
    },
    {
      "kind": "railroad",
      "nonterminal": "TypeList",
      "path": "diagrams-luau/typelist.svg",
      "sourceSha256": "59b32a20c9001f3c9cffb608aaa245f7dba04d5a24cd040848ac58f814b234c4"
    },
    {
      "kind": "railroad",
      "nonterminal": "TypeListVarargTail",
      "path": "diagrams-luau/typelistvarargtail.svg",
      "sourceSha256": "aa4aa0c7a26ef9ef8690a65bd280a31b1e441da87126562e79f785db996e0cd2"
    },
    {
      "kind": "railroad",
      "nonterminal": "BoundTypeList",
      "path": "diagrams-luau/boundtypelist.svg",
      "sourceSha256": "7c9cd84b7b156b35c9737d382a5a33eb97abe579615132f75059c1d3d4692957"
    },
    {
      "kind": "railroad",
      "nonterminal": "BoundTypeItem",
      "path": "diagrams-luau/boundtypeitem.svg",
      "sourceSha256": "534f3ba4c8bf0b38ad2fb38605f0a56a19c12e32e39f2917cd18ec3b47f962dd"
    },
    {
      "kind": "railroad",
      "nonterminal": "BoundName",
      "path": "diagrams-luau/boundname.svg",
      "sourceSha256": "8d1cdce84766118a585c1dbf71fb2f895835b1439f742351bf8d8d79b141bad3"
    },
    {
      "kind": "railroad",
      "nonterminal": "BoundTypeListPackTail",
      "path": "diagrams-luau/boundtypelistpacktail.svg",
      "sourceSha256": "d37bfdc8d473181c89e4c2ee44859d1194df4582d2e269ed50d91753b65ada77"
    },
    {
      "kind": "railroad",
      "nonterminal": "BoundTypeListPack",
      "path": "diagrams-luau/boundtypelistpack.svg",
      "sourceSha256": "a0490e58ad6b735b3f5e644dc3428abfb013726c678d4be82a8c9ad0545e2569"
    },
    {
      "kind": "railroad",
      "nonterminal": "TypeParams",
      "path": "diagrams-luau/typeparams.svg",
      "sourceSha256": "b65a19594e65e250201ef70022a2a7c88478d17fbc628bd99ec5f9926d8e374a"
    },
    {
      "kind": "railroad",
      "nonterminal": "TypeParamItem",
      "path": "diagrams-luau/typeparamitem.svg",
      "sourceSha256": "675069ef73881becbdfc01d6298c9be9fd131eb0cb2b865a1c0a3649c62e54f8"
    },
    {
      "kind": "railroad",
      "nonterminal": "TypeParamsTail",
      "path": "diagrams-luau/typeparamstail.svg",
      "sourceSha256": "c78bdca4d51ea25ba526ae528a3955eea77282f5e5e5fa0864ff409ec7c3925d"
    },
    {
      "kind": "railroad",
      "nonterminal": "TypePack",
      "path": "diagrams-luau/typepack.svg",
      "sourceSha256": "ca615b82be0817b32fa4c45b2d26ade560c4d5114bfd95396ae42f8e02787cd1"
    },
    {
      "kind": "railroad",
      "nonterminal": "GenericTypePack",
      "path": "diagrams-luau/generictypepack.svg",
      "sourceSha256": "5b138384f47aa47b950b43ae0e2e71bc17b77fd08bad5ec0618196d3fd79b15a"
    },
    {
      "kind": "railroad",
      "nonterminal": "VariadicTypePack",
      "path": "diagrams-luau/variadictypepack.svg",
      "sourceSha256": "eb7c5e89501cc518ad003fd2cd2797167d5c876b0c3dcd8b0e0c1c904f66f831"
    },
    {
      "kind": "railroad",
      "nonterminal": "ReturnType",
      "path": "diagrams-luau/returntype.svg",
      "sourceSha256": "c1376c0840d7042293253d4c74319df5abf9aebf01dc6d9341abe82b2064f6d5"
    },
    {
      "kind": "railroad",
      "nonterminal": "TableIndexer",
      "path": "diagrams-luau/tableindexer.svg",
      "sourceSha256": "638cc4cda0e96e0ff7f2f66ac7c679da081693fa55f7d12602baaea3a442fbe2"
    },
    {
      "kind": "railroad",
      "nonterminal": "AccessMod",
      "path": "diagrams-luau/accessmod.svg",
      "sourceSha256": "9818adc85fd25bf478ab06f2c24eaf93a8e3f75ce1125ab95597ea1e613e80e8"
    },
    {
      "kind": "railroad",
      "nonterminal": "TableProp",
      "path": "diagrams-luau/tableprop.svg",
      "sourceSha256": "c7855a643fb67321f538a8258290b698e765961924207c5c71847280f85de0f5"
    },
    {
      "kind": "railroad",
      "nonterminal": "PropList",
      "path": "diagrams-luau/proplist.svg",
      "sourceSha256": "687cfe3256154d015d37f03eff24f1d23b6b8851ffb30b650c457fb65740b324"
    },
    {
      "kind": "railroad",
      "nonterminal": "PropListTail",
      "path": "diagrams-luau/proplisttail.svg",
      "sourceSha256": "6378c3e56cc04681c4db385e384fec38727726aa7b9ae63ecb626e96036bd8fb"
    },
    {
      "kind": "railroad",
      "nonterminal": "TablePropItem",
      "path": "diagrams-luau/tablepropitem.svg",
      "sourceSha256": "dff5987519defd9bfb48f1a377872330793a9cdb443fc8c21725b2c117114183"
    },
    {
      "kind": "railroad",
      "nonterminal": "TableType",
      "path": "diagrams-luau/tabletype.svg",
      "sourceSha256": "9c9f6b98c240630181b13680191afc41deed97ea4ff0effdc96e9596cb542591"
    },
    {
      "kind": "tables",
      "section": "Generated tables",
      "sourceSha256": "1cb910105d6e3825a87feffeea35af3580186b0f93db5acbf1d77cde93e6f4a5"
    }
  ]
}
