{
  "version": 1,
  "mode": "sidecar",
  "sourceLayout": "collapsed",
  "name": "PredicateGuard",
  "grammarSha256": "8f1dbec50554e6bbf3ddd38b785090ca999dcf7b691ebb690bb70ba6f87f3ffa",
  "artifacts": [
    {
      "kind": "railroad",
      "nonterminal": "Stmt",
      "path": "diagrams-predicate-guard/stmt.svg",
      "sourceSha256": "5003ffea419ee5a68d3fb5fa8cc11825f0a2055862a939d1346c81155ada11bf"
    },
    {
      "kind": "railroad",
      "nonterminal": "Expr",
      "path": "diagrams-predicate-guard/expr.svg",
      "sourceSha256": "e2636c1bcb4c4ecb6ab428a71258c01ceb0de2ab033d6f5eb0a1bdaeb599a186"
    },
    {
      "kind": "railroad",
      "nonterminal": "Term",
      "path": "diagrams-predicate-guard/term.svg",
      "sourceSha256": "b19209554cb4b087186c9ee08a860d3761bd4ad6b616ce5ca990bb71784eb7c6"
    },
    {
      "kind": "railroad",
      "nonterminal": "Name",
      "path": "diagrams-predicate-guard/name.svg",
      "sourceSha256": "b3e44170988a3d273994ec31e9576ae2653b2952097066b8f8e2ca06c28500b0"
    },
    {
      "kind": "tables",
      "section": "Generated tables",
      "sourceSha256": "8f1dbec50554e6bbf3ddd38b785090ca999dcf7b691ebb690bb70ba6f87f3ffa"
    }
  ]
}
