{
  "version": 1,
  "mode": "sidecar",
  "sourceLayout": "collapsed",
  "grammarSha256": "34bba697c3b2a83e99d4d5a3b101f327f29059af8b8405a2bc04fdb5515cbb6c",
  "artifacts": [
    {
      "kind": "railroad",
      "nonterminal": "Readme",
      "path": "diagrams-readme/readme.svg",
      "sourceSha256": "928799ab6e8856b3838733206249d119a30ef493f254e5d03397720ce0660d01"
    },
    {
      "kind": "railroad",
      "nonterminal": "SentenceList",
      "path": "diagrams-readme/sentencelist.svg",
      "sourceSha256": "45236a42765c1de6a72d825520c73e7ae7baa3bd6a51db29408e9771af2c5ff0"
    },
    {
      "kind": "railroad",
      "nonterminal": "Sentence",
      "path": "diagrams-readme/sentence.svg",
      "sourceSha256": "362e56e37f225338b499f1daea2e384b12c9acce04ef61394bdf96fa6437823b"
    },
    {
      "kind": "railroad",
      "nonterminal": "Words",
      "path": "diagrams-readme/words.svg",
      "sourceSha256": "9add2c4e60f8fb083edf2f5e675d36283d002c8e041eecd635ef476f357951af"
    },
    {
      "kind": "tables",
      "section": "Generated tables",
      "sourceSha256": "34bba697c3b2a83e99d4d5a3b101f327f29059af8b8405a2bc04fdb5515cbb6c"
    }
  ]
}
