{
  "version": 1,
  "mode": "sidecar",
  "grammarSha256": "8d608f56ebca49b4d53b2b6fcdefd1b174eac0a0bdde7b9ecd3b7658c4f0925f",
  "artifacts": [
    {
      "kind": "railroad",
      "nonterminal": "Readme",
      "path": "diagrams/readme/readme.svg",
      "sourceSha256": "9a9b6192472121c8b2c705366d4120dac25122ae32eb3f98f5342c4f9868c305"
    },
    {
      "kind": "railroad",
      "nonterminal": "SentenceList",
      "path": "diagrams/readme/sentencelist.svg",
      "sourceSha256": "eb478cbfb1f8818141fe82c888c5c819bd0977a45012940e4bf9783f1e451707"
    },
    {
      "kind": "railroad",
      "nonterminal": "Sentence",
      "path": "diagrams/readme/sentence.svg",
      "sourceSha256": "3965c2e09b25a962f06d475f512c3bb098e0b05a82201c8087839fea84820fa8"
    },
    {
      "kind": "railroad",
      "nonterminal": "Words",
      "path": "diagrams/readme/words.svg",
      "sourceSha256": "bc96fb69ed91f7e633ea05c94d998589451128bbe80a242a6bb6146e09a53590"
    },
    {
      "kind": "tables",
      "section": "Generated tables",
      "sourceSha256": "8d608f56ebca49b4d53b2b6fcdefd1b174eac0a0bdde7b9ecd3b7658c4f0925f"
    }
  ]
}
