{
  "version": 1,
  "mode": "sidecar",
  "sourceLayout": "collapsed",
  "name": "ANTLRv4",
  "grammarSha256": "a17da7930632b12a257cc27a369b59a169d3099bfa1ab52034f416eca1bbc8ad",
  "artifacts": [
    {
      "kind": "railroad",
      "nonterminal": "grammarSpec",
      "path": "diagrams-antlr4/grammarspec.svg",
      "sourceSha256": "6233d2193e13db12b15f80a7de69231037d385663ed58a081e16925038521887"
    },
    {
      "kind": "railroad",
      "nonterminal": "grammarDecl",
      "path": "diagrams-antlr4/grammardecl.svg",
      "sourceSha256": "0425d4e2767dc840ab775df7c4bc31c9e9dfcb13cc50463713259f098ee6c60d"
    },
    {
      "kind": "railroad",
      "nonterminal": "grammarType",
      "path": "diagrams-antlr4/grammartype.svg",
      "sourceSha256": "a8462d00841a8d7ec0a05d2eb429b165bda1ae29b60e123654985f21b2ec944f"
    },
    {
      "kind": "railroad",
      "nonterminal": "prequelConstruct",
      "path": "diagrams-antlr4/prequelconstruct.svg",
      "sourceSha256": "e2f6d7ae927948614ede6cc6b35c97cebe353b8eae6536fc13963ea7409c18b2"
    },
    {
      "kind": "railroad",
      "nonterminal": "optionsSpec",
      "path": "diagrams-antlr4/optionsspec.svg",
      "sourceSha256": "bd688a36441c5db4556def022fb2d8bf29e1a41062d99180fef7f428d4fccf2d"
    },
    {
      "kind": "railroad",
      "nonterminal": "optionDecl",
      "path": "diagrams-antlr4/optiondecl.svg",
      "sourceSha256": "878b14c1c1962ec16044081c26169383a0f57e43a61bfafca683d351930f6701"
    },
    {
      "kind": "railroad",
      "nonterminal": "option",
      "path": "diagrams-antlr4/option.svg",
      "sourceSha256": "78dadb8efcd548ce3339bde972d5e484be29af9777dc86f0606efeb5433e9985"
    },
    {
      "kind": "railroad",
      "nonterminal": "optionValue",
      "path": "diagrams-antlr4/optionvalue.svg",
      "sourceSha256": "dd8cd72d8e7f47e7d1539c5bd7e9380fb0020d0a87aaa7089572b8ee8fc3fec5"
    },
    {
      "kind": "railroad",
      "nonterminal": "delegateGrammars",
      "path": "diagrams-antlr4/delegategrammars.svg",
      "sourceSha256": "d2521139a8d7ead236a580e0ff0415f95c26303342d38af4dd6e2995c6f8c9b4"
    },
    {
      "kind": "railroad",
      "nonterminal": "delegateGrammar",
      "path": "diagrams-antlr4/delegategrammar.svg",
      "sourceSha256": "3bef3cd615a62570ef0c881e002189894008e642fa72c99e89e3581a919642fd"
    },
    {
      "kind": "railroad",
      "nonterminal": "tokensSpec",
      "path": "diagrams-antlr4/tokensspec.svg",
      "sourceSha256": "aed1a9caf34a73954828b0f3eda3e66ca43dffbdb11408ce1337166e3c38406d"
    },
    {
      "kind": "railroad",
      "nonterminal": "channelsSpec",
      "path": "diagrams-antlr4/channelsspec.svg",
      "sourceSha256": "2cb16bc656b9ec0bc43cbbe3f530b240a7dfcabbd967e8bef889ca32f381962c"
    },
    {
      "kind": "railroad",
      "nonterminal": "idList",
      "path": "diagrams-antlr4/idlist.svg",
      "sourceSha256": "70cb516a339799f7730e633f93051bf07ebb096781ae7881e6a2534c428edf76"
    },
    {
      "kind": "railroad",
      "nonterminal": "action_",
      "path": "diagrams-antlr4/action_.svg",
      "sourceSha256": "ddf7134bec04141de61629c69e4bafb4ba8dc73d4f7dd8061c4f232f1242f103"
    },
    {
      "kind": "railroad",
      "nonterminal": "actionScope",
      "path": "diagrams-antlr4/actionscope.svg",
      "sourceSha256": "4b778497e88fe53bbc96c8ae8fb057c2996483c9b74b14fde93592d0700f85c8"
    },
    {
      "kind": "railroad",
      "nonterminal": "actionScopeName",
      "path": "diagrams-antlr4/actionscopename.svg",
      "sourceSha256": "d4854b344f57cb561e70f69be106c5df888f60f93b3f78b5779878fe477330e0"
    },
    {
      "kind": "railroad",
      "nonterminal": "actionBlock",
      "path": "diagrams-antlr4/actionblock.svg",
      "sourceSha256": "8da048de85c04547bec062a33e4df50134427328a55ad5e2cea87d7849c5c793"
    },
    {
      "kind": "railroad",
      "nonterminal": "argActionBlock",
      "path": "diagrams-antlr4/argactionblock.svg",
      "sourceSha256": "e56454c13d226b00f194a312f24987373b767076aa1d301ff9bbdf86b0aacc48"
    },
    {
      "kind": "railroad",
      "nonterminal": "modeSpec",
      "path": "diagrams-antlr4/modespec.svg",
      "sourceSha256": "f3e8a698cc901bc929293bf36512330e756e98032fcada6a49f694b6f0a5d955"
    },
    {
      "kind": "railroad",
      "nonterminal": "rules",
      "path": "diagrams-antlr4/rules.svg",
      "sourceSha256": "6bda5cf1dfdda048a8e897a57f809971688c86790a7ceeb5fed8a5aec714c515"
    },
    {
      "kind": "railroad",
      "nonterminal": "ruleSpec",
      "path": "diagrams-antlr4/rulespec.svg",
      "sourceSha256": "16dc9943aa838f4c8cd7dc0df832a1ba173d746c028d8ba92a2356d0db68dd59"
    },
    {
      "kind": "railroad",
      "nonterminal": "parserRuleSpec",
      "path": "diagrams-antlr4/parserrulespec.svg",
      "sourceSha256": "c65ddd922302f172cd9d08e5d7df514418b2e1427d249f5be552404136f9ce62"
    },
    {
      "kind": "railroad",
      "nonterminal": "exceptionGroup",
      "path": "diagrams-antlr4/exceptiongroup.svg",
      "sourceSha256": "2234d5e26fcb3b016fe63dff20a0818cc0fe4924c3c14f303c427563e4acef5d"
    },
    {
      "kind": "railroad",
      "nonterminal": "exceptionHandler",
      "path": "diagrams-antlr4/exceptionhandler.svg",
      "sourceSha256": "69f2d24674cf7a303551da3fe359f79f67f584f5655ee6ffaae5ada878fad061"
    },
    {
      "kind": "railroad",
      "nonterminal": "finallyClause",
      "path": "diagrams-antlr4/finallyclause.svg",
      "sourceSha256": "78f0fa67f97daf41ef0c558be50f1ee4991fccca5dc8b1f8571cd90c11251080"
    },
    {
      "kind": "railroad",
      "nonterminal": "rulePrequel",
      "path": "diagrams-antlr4/ruleprequel.svg",
      "sourceSha256": "bcd62f9eadd4fd512ed4346f40333179a8819f8275b217191440b6cde00853fe"
    },
    {
      "kind": "railroad",
      "nonterminal": "ruleReturns",
      "path": "diagrams-antlr4/rulereturns.svg",
      "sourceSha256": "f1b92bad736e8aefd745faa2628dfc073b5b829ea2b16b2bd1c9de2af6b862ea"
    },
    {
      "kind": "railroad",
      "nonterminal": "throwsSpec",
      "path": "diagrams-antlr4/throwsspec.svg",
      "sourceSha256": "7dc66d013f64a6a76c9ca14e07cd6a0b7595827fa1e34f21e95c7805674a23c8"
    },
    {
      "kind": "railroad",
      "nonterminal": "localsSpec",
      "path": "diagrams-antlr4/localsspec.svg",
      "sourceSha256": "aa6fd0e2a97cc99a8e9343b59020eb3b89506370e000b1579373fe082ae24147"
    },
    {
      "kind": "railroad",
      "nonterminal": "ruleAction",
      "path": "diagrams-antlr4/ruleaction.svg",
      "sourceSha256": "90b9e4ed602a2d13aef249c47ae4926a5c255682a9eab48ac7db79069947d721"
    },
    {
      "kind": "railroad",
      "nonterminal": "ruleModifiers",
      "path": "diagrams-antlr4/rulemodifiers.svg",
      "sourceSha256": "37bb462b3245dc2170a55671e45562a1d6a7520376f152f51c5a96d9a999e9cd"
    },
    {
      "kind": "railroad",
      "nonterminal": "ruleModifier",
      "path": "diagrams-antlr4/rulemodifier.svg",
      "sourceSha256": "bbbad310973a6520bd4347982cdd690b6dcf92e49b2c4b2246cf266a55d979f7"
    },
    {
      "kind": "railroad",
      "nonterminal": "ruleBlock",
      "path": "diagrams-antlr4/ruleblock.svg",
      "sourceSha256": "a31f1746bf5fbeb301d9b65c2715268822830cd0e71c8d3bd63f69d45531ba78"
    },
    {
      "kind": "railroad",
      "nonterminal": "ruleAltList",
      "path": "diagrams-antlr4/rulealtlist.svg",
      "sourceSha256": "cb017f5fd1506df1e74c441bd9884634e541dac69a1de05a354d0ea32e203500"
    },
    {
      "kind": "railroad",
      "nonterminal": "labeledAlt",
      "path": "diagrams-antlr4/labeledalt.svg",
      "sourceSha256": "851e063392247f8f85cba2e4c2447f8f93315816c2bd68fbca342e9a01add633"
    },
    {
      "kind": "railroad",
      "nonterminal": "altLabel",
      "path": "diagrams-antlr4/altlabel.svg",
      "sourceSha256": "63cc6c6dd98bb0883de94837170a48110f1cdc9ff1f01be9e4e208ed11438670"
    },
    {
      "kind": "railroad",
      "nonterminal": "lexerRuleSpec",
      "path": "diagrams-antlr4/lexerrulespec.svg",
      "sourceSha256": "9a781a582f8750bd03bc49dfb2c5300802dd470dfea093a1353fb5f184557839"
    },
    {
      "kind": "railroad",
      "nonterminal": "lexerRuleBlock",
      "path": "diagrams-antlr4/lexerruleblock.svg",
      "sourceSha256": "395a3aafcc707671496999f0552251cc4794436760fb87e5b3a270341041da79"
    },
    {
      "kind": "railroad",
      "nonterminal": "lexerAltList",
      "path": "diagrams-antlr4/lexeraltlist.svg",
      "sourceSha256": "27ccbe964277be1a157710c1d89b9321f57a013e8c59bba8e03e3ecbf951e4a1"
    },
    {
      "kind": "railroad",
      "nonterminal": "lexerAlt",
      "path": "diagrams-antlr4/lexeralt.svg",
      "sourceSha256": "cd2b1044feb132f59f2636c792edcd07bc25fd1017aa6d33eb174c5a3ce09f9a"
    },
    {
      "kind": "railroad",
      "nonterminal": "lexerElements",
      "path": "diagrams-antlr4/lexerelements.svg",
      "sourceSha256": "4a7640431a0218b6d6a2a823a1d8976bf5745f7467c848b0edd3ce2a6a3dc722"
    },
    {
      "kind": "railroad",
      "nonterminal": "lexerElement",
      "path": "diagrams-antlr4/lexerelement.svg",
      "sourceSha256": "27b275718f5d78e4cc539a90693bbaffa19e37ed5795c38da0e4fe84b2e0860c"
    },
    {
      "kind": "railroad",
      "nonterminal": "lexerBlock",
      "path": "diagrams-antlr4/lexerblock.svg",
      "sourceSha256": "fb7da443b4ecc46a4a647279c2372509261c720fe3d41f84180c0541d583a715"
    },
    {
      "kind": "railroad",
      "nonterminal": "lexerCommands",
      "path": "diagrams-antlr4/lexercommands.svg",
      "sourceSha256": "be0154af42ad4503527e448fa6882c579928ba6ea3ac9ae3035e46f31768ac00"
    },
    {
      "kind": "railroad",
      "nonterminal": "lexerCommand",
      "path": "diagrams-antlr4/lexercommand.svg",
      "sourceSha256": "4c5d6ab2d2a47a4f6ebbdc21114888dea84c3762c92a58912367342427455177"
    },
    {
      "kind": "railroad",
      "nonterminal": "lexerCommandName",
      "path": "diagrams-antlr4/lexercommandname.svg",
      "sourceSha256": "8bda83ac5a0a902eb1d1436d9fd2d75a3bb897db7d47cbca6052c68a603c23dc"
    },
    {
      "kind": "railroad",
      "nonterminal": "lexerCommandExpr",
      "path": "diagrams-antlr4/lexercommandexpr.svg",
      "sourceSha256": "64dc9dc9712e5dc93f5762c3ab9f2833985c9561722cb6f2b382f05c4d467265"
    },
    {
      "kind": "railroad",
      "nonterminal": "altList",
      "path": "diagrams-antlr4/altlist.svg",
      "sourceSha256": "d33624f1e1314e8e9204b1f43fa0856de35d0de32e3d6a3405cf1bad5ebca22c"
    },
    {
      "kind": "railroad",
      "nonterminal": "alternative",
      "path": "diagrams-antlr4/alternative.svg",
      "sourceSha256": "cb4cba108bef8e7ab277166e932b775c1d252154f528a75b9f4af31c0f5abbfa"
    },
    {
      "kind": "railroad",
      "nonterminal": "element",
      "path": "diagrams-antlr4/element.svg",
      "sourceSha256": "d51632082e86bce92242fed434f0b19c1e6cc8f2352e2d4e9fcc17dd6b73c608"
    },
    {
      "kind": "railroad",
      "nonterminal": "predicateOptions",
      "path": "diagrams-antlr4/predicateoptions.svg",
      "sourceSha256": "8744ed663cebe0dfccd7e00c8a49749d41580c9df8cefb99107c7f7359fab541"
    },
    {
      "kind": "railroad",
      "nonterminal": "predicateOption",
      "path": "diagrams-antlr4/predicateoption.svg",
      "sourceSha256": "8d4409c384db935bc4b8e777d0c0d29bc16f229221062b3b55acbb3dca5709f7"
    },
    {
      "kind": "railroad",
      "nonterminal": "predicateOptionValue",
      "path": "diagrams-antlr4/predicateoptionvalue.svg",
      "sourceSha256": "def3ed9d09319939167803fd1b2fd4f8f04c2f9acde833187b3d5175cd183c4b"
    },
    {
      "kind": "railroad",
      "nonterminal": "labeledElement",
      "path": "diagrams-antlr4/labeledelement.svg",
      "sourceSha256": "4a96b372ab4739e5d1888bb7e6dc9a221534500c4b995eddc867e4c8d9ef7562"
    },
    {
      "kind": "railroad",
      "nonterminal": "assignOp",
      "path": "diagrams-antlr4/assignop.svg",
      "sourceSha256": "48e39cb1176c0650e796f0d110fd5164e02a3630d0a5a79bf5175576c77093cc"
    },
    {
      "kind": "railroad",
      "nonterminal": "atomOrBlock",
      "path": "diagrams-antlr4/atomorblock.svg",
      "sourceSha256": "d82cead3c810bf43ee745ffd5c97fb07fa9b369760a1bb489d1ab3f81610ea2f"
    },
    {
      "kind": "railroad",
      "nonterminal": "ebnf",
      "path": "diagrams-antlr4/ebnf.svg",
      "sourceSha256": "dbc98a43e4f6d1dc676bedf0ed194307d11b5e851bd4b972c767f7b2a422559a"
    },
    {
      "kind": "railroad",
      "nonterminal": "blockSuffix",
      "path": "diagrams-antlr4/blocksuffix.svg",
      "sourceSha256": "59e6116eec946b0731acddfad5083cc50ecc18de793f897be4e68c74605d7ade"
    },
    {
      "kind": "railroad",
      "nonterminal": "ebnfSuffix",
      "path": "diagrams-antlr4/ebnfsuffix.svg",
      "sourceSha256": "90032a08ebf15e3ade847824251940f5bd223f84e7ae1650fa3309ef78cf45c3"
    },
    {
      "kind": "railroad",
      "nonterminal": "lexerAtom",
      "path": "diagrams-antlr4/lexeratom.svg",
      "sourceSha256": "9b990f29c4658e7ea1e2c75c9a27d0906cdd8a471b02b96d7ab74a97ec6f4f66"
    },
    {
      "kind": "railroad",
      "nonterminal": "atom",
      "path": "diagrams-antlr4/atom.svg",
      "sourceSha256": "694b88b51ed1b76eb1b1044a845a0461b9cd63b4cf4bbef2cd9e29d891103aed"
    },
    {
      "kind": "railroad",
      "nonterminal": "wildcard",
      "path": "diagrams-antlr4/wildcard.svg",
      "sourceSha256": "60c82094261944ca6672d155703cc26f474dc93de06f157915c9edb853713520"
    },
    {
      "kind": "railroad",
      "nonterminal": "notSet",
      "path": "diagrams-antlr4/notset.svg",
      "sourceSha256": "9eb80e2ffc26ae2177b5cabdc9f5b41948efae600c504c6899701ca568af5764"
    },
    {
      "kind": "railroad",
      "nonterminal": "blockSet",
      "path": "diagrams-antlr4/blockset.svg",
      "sourceSha256": "6ff3ba729a5ab618837d93aa3862a338b1856330ac663c106725c6c62253363c"
    },
    {
      "kind": "railroad",
      "nonterminal": "setElement",
      "path": "diagrams-antlr4/setelement.svg",
      "sourceSha256": "ad19f51fa25739543792cd568f16b955cbe6c39c1a77c69fd641bb7fbdd9ed0e"
    },
    {
      "kind": "railroad",
      "nonterminal": "block",
      "path": "diagrams-antlr4/block.svg",
      "sourceSha256": "e20a9e3383e0b0a3486a298783dbf7c21a924b9307a9b41378d1fed71862a220"
    },
    {
      "kind": "railroad",
      "nonterminal": "blockPrequel",
      "path": "diagrams-antlr4/blockprequel.svg",
      "sourceSha256": "fec09f904f3af1ba1a5b01ea7fec9491e1e4d266de7f9011f05a4d46f29cb209"
    },
    {
      "kind": "railroad",
      "nonterminal": "ruleref",
      "path": "diagrams-antlr4/ruleref.svg",
      "sourceSha256": "1afee39a3d2dfec2989da27099efcbd7875c65c996b27b2e101dc89a2dd40ec6"
    },
    {
      "kind": "railroad",
      "nonterminal": "characterRange",
      "path": "diagrams-antlr4/characterrange.svg",
      "sourceSha256": "4370f6dff91a4b24c4109d1d1e215b6d6a1cca92e49f0c5ba780e1ae6ad2614f"
    },
    {
      "kind": "railroad",
      "nonterminal": "terminalDef",
      "path": "diagrams-antlr4/terminaldef.svg",
      "sourceSha256": "f358a54106bf709e2ac63e2c4b39c7905afb8faa120ff17ad848df733a3d2745"
    },
    {
      "kind": "railroad",
      "nonterminal": "elementOptions",
      "path": "diagrams-antlr4/elementoptions.svg",
      "sourceSha256": "029c4aad68f06485586682e8cb8af73a6483a6e471d9cb65378536113b42d82d"
    },
    {
      "kind": "railroad",
      "nonterminal": "elementOption",
      "path": "diagrams-antlr4/elementoption.svg",
      "sourceSha256": "2cc32399c54e4014dd79f6b697a9f894b55a08c8509970db6221966de8abcc2e"
    },
    {
      "kind": "railroad",
      "nonterminal": "elementOptionValue",
      "path": "diagrams-antlr4/elementoptionvalue.svg",
      "sourceSha256": "7bf1ee9eceeb1cb66272ac11f232f6e280c169c959833bbfcbe5e0845054fa4e"
    },
    {
      "kind": "railroad",
      "nonterminal": "identifier",
      "path": "diagrams-antlr4/identifier.svg",
      "sourceSha256": "3847daf97a58dd6172371cc69007766994b75b4835db7d6852493091f80e2279"
    },
    {
      "kind": "railroad",
      "nonterminal": "qualifiedIdentifier",
      "path": "diagrams-antlr4/qualifiedidentifier.svg",
      "sourceSha256": "dfbf32ac87ffc7f90e71dc890246033a0a2faf8bc78d696ae9e7b564a89a17a5"
    },
    {
      "kind": "tables",
      "section": "Generated tables",
      "sourceSha256": "a17da7930632b12a257cc27a369b59a169d3099bfa1ab52034f416eca1bbc8ad"
    }
  ]
}
