{
  "version": 1,
  "mode": "sidecar",
  "grammarSha256": "2d4274bf72260626618c8e7b998ac5807fcb8a27e77d2462187c9e3208c649f7",
  "artifacts": [
    {
      "kind": "railroad",
      "nonterminal": "grammarSpec",
      "path": "diagrams/antlr4/grammarspec.svg",
      "sourceSha256": "faa2daf617195c72c0d65893869fe97cc1f67f0c15e19da7eb195b0eafcbef15"
    },
    {
      "kind": "railroad",
      "nonterminal": "grammarDecl",
      "path": "diagrams/antlr4/grammardecl.svg",
      "sourceSha256": "daf4038f299c93cef06d34c69f819bd2aef5fa5dac9b710623151880d3f285c8"
    },
    {
      "kind": "railroad",
      "nonterminal": "grammarType",
      "path": "diagrams/antlr4/grammartype.svg",
      "sourceSha256": "2bf9d58006e0fba2db58b66d4738d19b3f9c91c41c32bbdfd27da874e76f27fb"
    },
    {
      "kind": "railroad",
      "nonterminal": "prequelConstruct",
      "path": "diagrams/antlr4/prequelconstruct.svg",
      "sourceSha256": "f542ffe8bfe244e9597917ac85c897b53204de2234a9567e2c82ffe459c1293b"
    },
    {
      "kind": "railroad",
      "nonterminal": "optionsSpec",
      "path": "diagrams/antlr4/optionsspec.svg",
      "sourceSha256": "03f02b437fd085acca7fd80b8a8ad2b77dbfa8559c4877b9fe23e4f6e613c7bc"
    },
    {
      "kind": "railroad",
      "nonterminal": "optionDecl",
      "path": "diagrams/antlr4/optiondecl.svg",
      "sourceSha256": "89f578903dc082c9105afa457ccaa0e981c457ee3003bbe599bde1e200c2c3f8"
    },
    {
      "kind": "railroad",
      "nonterminal": "option",
      "path": "diagrams/antlr4/option.svg",
      "sourceSha256": "2a231616085a5e3419c43f267e245ded7f5d1895d015bcd81855e0d06ac3d162"
    },
    {
      "kind": "railroad",
      "nonterminal": "optionValue",
      "path": "diagrams/antlr4/optionvalue.svg",
      "sourceSha256": "6d2edca673e91f9be0dcd398959e791dc22c22632666fa11703c50867e7243e9"
    },
    {
      "kind": "railroad",
      "nonterminal": "delegateGrammars",
      "path": "diagrams/antlr4/delegategrammars.svg",
      "sourceSha256": "ccd4eb9ed0b78c352e1b8aae5671dae7ef02ae6cbc4c823ce2dbc08a3128f7d0"
    },
    {
      "kind": "railroad",
      "nonterminal": "delegateGrammar",
      "path": "diagrams/antlr4/delegategrammar.svg",
      "sourceSha256": "c1602bcb2dcab53a2cdd61c283823dcff11e77972e6a68e1a0b37c7ffc2ad34a"
    },
    {
      "kind": "railroad",
      "nonterminal": "tokensSpec",
      "path": "diagrams/antlr4/tokensspec.svg",
      "sourceSha256": "0d960d261b0e923169c9b23e415b3efc0d66931f7a8e03875a556fed567ddf6d"
    },
    {
      "kind": "railroad",
      "nonterminal": "channelsSpec",
      "path": "diagrams/antlr4/channelsspec.svg",
      "sourceSha256": "3995df8c99ca654c3f91667e94ce04651a0dda059c3904bcd40f13e1db3ec20d"
    },
    {
      "kind": "railroad",
      "nonterminal": "idList",
      "path": "diagrams/antlr4/idlist.svg",
      "sourceSha256": "324f40a125010608736186727856748582e52d631a9d8ba2c7575a05f9181533"
    },
    {
      "kind": "railroad",
      "nonterminal": "action_",
      "path": "diagrams/antlr4/action_.svg",
      "sourceSha256": "68c07c2a333085f025dd7fa2ea2755024bb69149c31ece428eb2107664bc1eb6"
    },
    {
      "kind": "railroad",
      "nonterminal": "actionScope",
      "path": "diagrams/antlr4/actionscope.svg",
      "sourceSha256": "58ea7542b11aca75e80329b2dfccf23016dd9a7044ec34b6742af3ff47a73c62"
    },
    {
      "kind": "railroad",
      "nonterminal": "actionScopeName",
      "path": "diagrams/antlr4/actionscopename.svg",
      "sourceSha256": "d4abed2d2f90b344d49a6d48d5cbf03d5902dcfd82d3cf7408479f047c30c0fa"
    },
    {
      "kind": "railroad",
      "nonterminal": "actionBlock",
      "path": "diagrams/antlr4/actionblock.svg",
      "sourceSha256": "c68498c75f6a77b41635f9f91e15126a758d9331698bd72443efb66908028209"
    },
    {
      "kind": "railroad",
      "nonterminal": "argActionBlock",
      "path": "diagrams/antlr4/argactionblock.svg",
      "sourceSha256": "5ce77cc5639c359d053c050b4f56e3913bbbd547a077284a066fe9d24f6abf4b"
    },
    {
      "kind": "railroad",
      "nonterminal": "modeSpec",
      "path": "diagrams/antlr4/modespec.svg",
      "sourceSha256": "465df62219e687516e6335dd6847e877aee49755875fecfcbca71873b9e225d8"
    },
    {
      "kind": "railroad",
      "nonterminal": "rules",
      "path": "diagrams/antlr4/rules.svg",
      "sourceSha256": "0ef11a89096f30674b761859d56b554414ad11bdd674b3c07b2d905197a769c1"
    },
    {
      "kind": "railroad",
      "nonterminal": "ruleSpec",
      "path": "diagrams/antlr4/rulespec.svg",
      "sourceSha256": "9daaef14aa5df26c7d8edf9f8e5789d73f6c035b6569aa0ae5708cde2d0b865b"
    },
    {
      "kind": "railroad",
      "nonterminal": "parserRuleSpec",
      "path": "diagrams/antlr4/parserrulespec.svg",
      "sourceSha256": "c33acde64585f845ec11ef26139213f567d3d08eec5666ace27bf8eb26f81971"
    },
    {
      "kind": "railroad",
      "nonterminal": "exceptionGroup",
      "path": "diagrams/antlr4/exceptiongroup.svg",
      "sourceSha256": "e08988fc94b3f217db755a957de3d90d370e605cb0b6af6f7a4e4269cf3d1e9a"
    },
    {
      "kind": "railroad",
      "nonterminal": "exceptionHandler",
      "path": "diagrams/antlr4/exceptionhandler.svg",
      "sourceSha256": "ecf1b67afc5cf49648bfc0c0d9d0ae50791bb8260d28369d8a76179fc8539701"
    },
    {
      "kind": "railroad",
      "nonterminal": "finallyClause",
      "path": "diagrams/antlr4/finallyclause.svg",
      "sourceSha256": "1757c7a8b3888fa2ebefe265287461d9cb79e4c6eebfebcfbbd99afe989b5f01"
    },
    {
      "kind": "railroad",
      "nonterminal": "rulePrequel",
      "path": "diagrams/antlr4/ruleprequel.svg",
      "sourceSha256": "d38058cc404ae463796aa1e628a1b23d9a230f41a1ea7726d45eac5f27aa6695"
    },
    {
      "kind": "railroad",
      "nonterminal": "ruleReturns",
      "path": "diagrams/antlr4/rulereturns.svg",
      "sourceSha256": "02d98e1a3483702396627349d2aaea8a06dfd4d11311d0164b328ecf18637fdf"
    },
    {
      "kind": "railroad",
      "nonterminal": "throwsSpec",
      "path": "diagrams/antlr4/throwsspec.svg",
      "sourceSha256": "8c2579e554939effedfb9a1ac6500cb89abf523fb045b6998888f2f9a66b04b1"
    },
    {
      "kind": "railroad",
      "nonterminal": "localsSpec",
      "path": "diagrams/antlr4/localsspec.svg",
      "sourceSha256": "4034d0fd655c8991d36d361600fc3f3fa02bbf42063c54dad8759915400aaa1e"
    },
    {
      "kind": "railroad",
      "nonterminal": "ruleAction",
      "path": "diagrams/antlr4/ruleaction.svg",
      "sourceSha256": "13067e858df0c3b1ffeb0eed415ae44318f0a5f55cfc92af776ee72db9445c0e"
    },
    {
      "kind": "railroad",
      "nonterminal": "ruleModifiers",
      "path": "diagrams/antlr4/rulemodifiers.svg",
      "sourceSha256": "cd8550916e56c6c68191e48b340e52d1e87d464ca87122d2d9693d25f0330c9f"
    },
    {
      "kind": "railroad",
      "nonterminal": "ruleModifier",
      "path": "diagrams/antlr4/rulemodifier.svg",
      "sourceSha256": "5505983ffa21895c81d871bda854090121bd4e205a4857a5fb45a6d232852423"
    },
    {
      "kind": "railroad",
      "nonterminal": "ruleBlock",
      "path": "diagrams/antlr4/ruleblock.svg",
      "sourceSha256": "afd9f7776d214a01efe392f25dc1c182c965da0f3be9965a2c699d768c3e47d9"
    },
    {
      "kind": "railroad",
      "nonterminal": "ruleAltList",
      "path": "diagrams/antlr4/rulealtlist.svg",
      "sourceSha256": "ecd690144fd81f8fe9b9fe3e5b429b1f30d5f0d021d53711cbdd0ef8a782978c"
    },
    {
      "kind": "railroad",
      "nonterminal": "labeledAlt",
      "path": "diagrams/antlr4/labeledalt.svg",
      "sourceSha256": "ed66093234853fdada9ed0f7e6ffdf614deefc42243dec58f3e53e8313e106f1"
    },
    {
      "kind": "railroad",
      "nonterminal": "altLabel",
      "path": "diagrams/antlr4/altlabel.svg",
      "sourceSha256": "e8e7c90088e84f07f7547423aa59d8ca793ebdfefc54e7fbd5532545d2fe587f"
    },
    {
      "kind": "railroad",
      "nonterminal": "lexerRuleSpec",
      "path": "diagrams/antlr4/lexerrulespec.svg",
      "sourceSha256": "9869763e53003be4a0a307ecb76a01009c91606ed6cf2ecd859b79afcb6194f4"
    },
    {
      "kind": "railroad",
      "nonterminal": "lexerRuleBlock",
      "path": "diagrams/antlr4/lexerruleblock.svg",
      "sourceSha256": "78422d41963057d54801130da96bd840997d75eb1d351f1543474503014be51c"
    },
    {
      "kind": "railroad",
      "nonterminal": "lexerAltList",
      "path": "diagrams/antlr4/lexeraltlist.svg",
      "sourceSha256": "a1b90569888dba64811900469efce14aff0145541b654c5d9aa4cfbbbcb97802"
    },
    {
      "kind": "railroad",
      "nonterminal": "lexerAlt",
      "path": "diagrams/antlr4/lexeralt.svg",
      "sourceSha256": "f7a6e2b26cf306de2aef802a3b8f4aa88915a6ef02bdb15a54105a4471d5a8a9"
    },
    {
      "kind": "railroad",
      "nonterminal": "lexerElements",
      "path": "diagrams/antlr4/lexerelements.svg",
      "sourceSha256": "b7934a5e7ead05232c330a52ab6d465e3fed80da730f70b605a7c8651948b237"
    },
    {
      "kind": "railroad",
      "nonterminal": "lexerElement",
      "path": "diagrams/antlr4/lexerelement.svg",
      "sourceSha256": "0e47ebffe2ef8014eb47bc29a808fd3485b7edcd460e45bec963afbf463a66d5"
    },
    {
      "kind": "railroad",
      "nonterminal": "lexerBlock",
      "path": "diagrams/antlr4/lexerblock.svg",
      "sourceSha256": "27ca45c961c2bcd44d0ff4dacaee45a7ce6785c11b2e78b36a77d69dedf05241"
    },
    {
      "kind": "railroad",
      "nonterminal": "lexerCommands",
      "path": "diagrams/antlr4/lexercommands.svg",
      "sourceSha256": "1d88927daf2cde5ebf29ffa396e74bbc63e38975207400e84f1201743a01823e"
    },
    {
      "kind": "railroad",
      "nonterminal": "lexerCommand",
      "path": "diagrams/antlr4/lexercommand.svg",
      "sourceSha256": "4b952322e07b9225e90b795ddac705caeb737ef70eaa9c7af2275e89e028b1e2"
    },
    {
      "kind": "railroad",
      "nonterminal": "lexerCommandName",
      "path": "diagrams/antlr4/lexercommandname.svg",
      "sourceSha256": "7e6a00d283f610fcc3dc101bad95ae0074f7573f7b211abe610f516c898f384a"
    },
    {
      "kind": "railroad",
      "nonterminal": "lexerCommandExpr",
      "path": "diagrams/antlr4/lexercommandexpr.svg",
      "sourceSha256": "dac86e93506e81913f599d5dd26a45e089a67ea16d2d732f83162cda56e59a1c"
    },
    {
      "kind": "railroad",
      "nonterminal": "altList",
      "path": "diagrams/antlr4/altlist.svg",
      "sourceSha256": "75be032c35aa4b0151b1002b7ca248fa69512bd957948e08b519716cb2bbfe56"
    },
    {
      "kind": "railroad",
      "nonterminal": "alternative",
      "path": "diagrams/antlr4/alternative.svg",
      "sourceSha256": "7cdfd0422755aa6a9f98c37e4371e2ef2767de5b7d41ca189a2c71837ddb1468"
    },
    {
      "kind": "railroad",
      "nonterminal": "element",
      "path": "diagrams/antlr4/element.svg",
      "sourceSha256": "5a1abf98747035332e226ef948540ae44217c1898604e1a20bb21b4ecbcee69b"
    },
    {
      "kind": "railroad",
      "nonterminal": "predicateOptions",
      "path": "diagrams/antlr4/predicateoptions.svg",
      "sourceSha256": "978c55ad2a81129e6cf7e1dca754b58b1bbdcb99ffe7c2c441384298bb7d4bd2"
    },
    {
      "kind": "railroad",
      "nonterminal": "predicateOption",
      "path": "diagrams/antlr4/predicateoption.svg",
      "sourceSha256": "85060cb6ff10d2377ad454acd1830ac340b822c77d42d8c006786ead1fb1eaaa"
    },
    {
      "kind": "railroad",
      "nonterminal": "predicateOptionValue",
      "path": "diagrams/antlr4/predicateoptionvalue.svg",
      "sourceSha256": "d88b0967fe24f45a9a12e2c1ac60a4f187692acbcd451b42bb85192ab70ca971"
    },
    {
      "kind": "railroad",
      "nonterminal": "labeledElement",
      "path": "diagrams/antlr4/labeledelement.svg",
      "sourceSha256": "79fe992493079e7bd2dd963ca2f75b0fc57f708191b99f7e4ee3fa5c3c06e9c8"
    },
    {
      "kind": "railroad",
      "nonterminal": "assignOp",
      "path": "diagrams/antlr4/assignop.svg",
      "sourceSha256": "c9c843db156ed2c1be3cd607b5b9ad18df74687d3c6585fd15804b7da0b23ca5"
    },
    {
      "kind": "railroad",
      "nonterminal": "atomOrBlock",
      "path": "diagrams/antlr4/atomorblock.svg",
      "sourceSha256": "22252fc3c8d3d422a95e0ca0c60847ab874116b9fd9d69121e7e434f0b06e206"
    },
    {
      "kind": "railroad",
      "nonterminal": "ebnf",
      "path": "diagrams/antlr4/ebnf.svg",
      "sourceSha256": "2612d9c5a7647e784b771b7ed09d8eeeeeef06f1cf170310128f8a67e6f17e86"
    },
    {
      "kind": "railroad",
      "nonterminal": "blockSuffix",
      "path": "diagrams/antlr4/blocksuffix.svg",
      "sourceSha256": "8af09948bf9784aebe54549a2254f819b995936cfab7dcd23540e71cc6266f22"
    },
    {
      "kind": "railroad",
      "nonterminal": "ebnfSuffix",
      "path": "diagrams/antlr4/ebnfsuffix.svg",
      "sourceSha256": "9aa0a2f5fbe9934295fe02a95995db8eed0e76f8cdad9e829fab45873189b481"
    },
    {
      "kind": "railroad",
      "nonterminal": "lexerAtom",
      "path": "diagrams/antlr4/lexeratom.svg",
      "sourceSha256": "40c4ee580db024f31e875dc67c2bae13686a8d1fd792e02b95b55d022136381a"
    },
    {
      "kind": "railroad",
      "nonterminal": "atom",
      "path": "diagrams/antlr4/atom.svg",
      "sourceSha256": "70f6b048dc0cf560469d722aefaea95203f8a4a6e0c99c01ebc7a731e8be2f8d"
    },
    {
      "kind": "railroad",
      "nonterminal": "wildcard",
      "path": "diagrams/antlr4/wildcard.svg",
      "sourceSha256": "c1e26ccbd1eacadb8dd149f06856f99e26a29835cd83db5cd74e139a83674a02"
    },
    {
      "kind": "railroad",
      "nonterminal": "notSet",
      "path": "diagrams/antlr4/notset.svg",
      "sourceSha256": "6a575f280d095c92143ee5da412ce2b386e7f91d6191561daf8e5a3da4e0e268"
    },
    {
      "kind": "railroad",
      "nonterminal": "blockSet",
      "path": "diagrams/antlr4/blockset.svg",
      "sourceSha256": "ad0c81962400b99d8a6d11f5e1280c073d78b4210c41c08569a2d49bb85733db"
    },
    {
      "kind": "railroad",
      "nonterminal": "setElement",
      "path": "diagrams/antlr4/setelement.svg",
      "sourceSha256": "a360a54cc9ba2e4cd04ef9c567366c97d552d52741fdd27993e124b1e2d74fcb"
    },
    {
      "kind": "railroad",
      "nonterminal": "block",
      "path": "diagrams/antlr4/block.svg",
      "sourceSha256": "3bd38df1e83f4a31f88ca685587f0baaaaf23f03e69b68a145a9b910200087da"
    },
    {
      "kind": "railroad",
      "nonterminal": "blockPrequel",
      "path": "diagrams/antlr4/blockprequel.svg",
      "sourceSha256": "94142800e6d78b1b03449d0cfcf5c34c691a6b313b251f414fbde4a734bb9391"
    },
    {
      "kind": "railroad",
      "nonterminal": "ruleref",
      "path": "diagrams/antlr4/ruleref.svg",
      "sourceSha256": "f3c5e34a8fb54bd1ef4dc26ad8785e9b224cf0542f79699c1b3d33424e5879cb"
    },
    {
      "kind": "railroad",
      "nonterminal": "characterRange",
      "path": "diagrams/antlr4/characterrange.svg",
      "sourceSha256": "097cc42d6007ebef76694c140c65edddfc090fef7ac489e9684438da41c23d83"
    },
    {
      "kind": "railroad",
      "nonterminal": "terminalDef",
      "path": "diagrams/antlr4/terminaldef.svg",
      "sourceSha256": "84b7866de48a6e73590d5926443157416949b9ab00fc96b3d6f01de80a7a6614"
    },
    {
      "kind": "railroad",
      "nonterminal": "elementOptions",
      "path": "diagrams/antlr4/elementoptions.svg",
      "sourceSha256": "b2f27702e540af88f96595761673edb5123fbd3360134ec4e3b90f113db1e488"
    },
    {
      "kind": "railroad",
      "nonterminal": "elementOption",
      "path": "diagrams/antlr4/elementoption.svg",
      "sourceSha256": "94bac094aa92262139275c4667876fab424f97b09b192567aa2d034ca67fc2c5"
    },
    {
      "kind": "railroad",
      "nonterminal": "elementOptionValue",
      "path": "diagrams/antlr4/elementoptionvalue.svg",
      "sourceSha256": "708ecd35bb6c68a57f12754481b145b08cc01204939e7ee85e1bb8e631b54af8"
    },
    {
      "kind": "railroad",
      "nonterminal": "identifier",
      "path": "diagrams/antlr4/identifier.svg",
      "sourceSha256": "732b523d2af3f5be40cc47c39112b92daca5de10a7974e5d4f5694a3bef6fde2"
    },
    {
      "kind": "railroad",
      "nonterminal": "qualifiedIdentifier",
      "path": "diagrams/antlr4/qualifiedidentifier.svg",
      "sourceSha256": "553ed5ac5815888b1a1e88cd83f54ab2d91f323e512c0b6735b7da3ee0333d1a"
    },
    {
      "kind": "tables",
      "section": "Generated tables",
      "sourceSha256": "2d4274bf72260626618c8e7b998ac5807fcb8a27e77d2462187c9e3208c649f7"
    }
  ]
}
